<?xml version="1.0" encoding="utf-8"?>
<Project ToolsVersion="4.0" xmlns="http://schemas.microsoft.com/developer/msbuild/2003">
  <ItemGroup>
    <ClCompile Include="..\..\SuperMarioWar\Main.cpp" />
    <ClCompile Include="..\..\SuperMarioWar\Include.cpp" />
    <ClCompile Include="..\..\SuperMarioWar\SuperMarioWar.cpp" />
    <ClCompile Include="..\..\SuperMarioWar\Tilemap\Tilemap.cpp">
      <Filter>Tilemap</Filter>
    </ClCompile>
    <ClCompile Include="..\..\SuperMarioWar\Tilemap\TilemapInstance.cpp">
      <Filter>Tilemap</Filter>
    </ClCompile>
    <ClCompile Include="..\..\SuperMarioWar\Tilemap\TilemapRenderer.cpp">
      <Filter>Tilemap</Filter>
    </ClCompile>
    <ClCompile Include="..\..\SuperMarioWar\Tilemap\Formats\PtmFormat.cpp">
      <Filter>Tilemap\Formats</Filter>
    </ClCompile>
    <ClCompile Include="..\..\SuperMarioWar\CollisionManager.cpp" />
    <ClCompile Include="..\..\SuperMarioWar\Map.cpp" />
    <ClCompile Include="..\..\SuperMarioWar\CharacterSelectMenu.cpp" />
    <ClCompile Include="..\..\SuperMarioWar\GameSettings.cpp" />
  </ItemGroup>
  <ItemGroup>
    <ClInclude Include="..\..\SuperMarioWar\SuperMarioWar.h" />
    <ClInclude Include="..\..\SuperMarioWar\Tilemap\Tilemap.h">
      <Filter>Tilemap</Filter>
    </ClInclude>
    <ClInclude Include="..\..\SuperMarioWar\Tilemap\TilemapInstance.h">
      <Filter>Tilemap</Filter>
    </ClInclude>
    <ClInclude Include="..\..\SuperMarioWar\Tilemap\TilemapRenderer.h">
      <Filter>Tilemap</Filter>
    </ClInclude>
    <ClInclude Include="..\..\SuperMarioWar\Tilemap\Formats\Formats.h">
      <Filter>Tilemap\Formats</Filter>
    </ClInclude>
    <ClInclude Include="..\..\SuperMarioWar\Tilemap\Formats\PtmFormat.h">
      <Filter>Tilemap\Formats</Filter>
    </ClInclude>
    <ClInclude Include="..\..\SuperMarioWar\CollisionManager.h" />
    <ClInclude Include="..\..\SuperMarioWar\Map.h" />
    <ClInclude Include="..\..\SuperMarioWar\CharacterSelectMenu.h" />
    <ClInclude Include="..\..\SuperMarioWar\GameSettings.h" />
  </ItemGroup>
  <ItemGroup>
    <Filter Include="Tilemap">
      <UniqueIdentifier>{4a067a5b-372f-4cfd-b7d4-7b941934696e}</UniqueIdentifier>
    </Filter>
    <Filter Include="Tilemap\Formats">
      <UniqueIdentifier>{2e7898bf-6f41-4a1c-a5ff-34e4e09cea10}</UniqueIdentifier>
    </Filter>
    <ClCompile Include="..\..\SuperMarioWar\GameManager.cpp" />
    <ClCompile Include="..\..\SuperMarioWar\Player.cpp" />
    <ClCompile Include="..\..\SuperMarioWar\PlayerManager.cpp" />
    <ClCompile Include="..\..\SuperMarioWar\Globals.cpp" />
  </ItemGroup>
  <ItemGroup>
    <ClInclude Include="..\..\SuperMarioWar\SuperMarioWar.h" />
    <ClInclude Include="..\..\SuperMarioWar\GameManager.h" />
    <ClInclude Include="..\..\SuperMarioWar\Player.h" />
    <ClInclude Include="..\..\SuperMarioWar\PlayerManager.h" />
    <ClInclude Include="..\..\SuperMarioWar\Globals.h" />
  </ItemGroup>
</Project>