
Microsoft Visual Studio Solution File, Format Version 12.00
# Visual Studio 14
VisualStudioVersion = 14.0.24720.0
MinimumVisualStudioVersion = 10.0.40219.1
Project("{8BC9CEB8-8B4A-11D0-8D11-00A0C91BC942}") = "SuperMarioWar", "SuperMarioWar.vcxproj", "{3B13A90F-B3A1-4F1D-9DC0-350C3CEC3E34}"
EndProject
Project("{2150E333-8FDC-42A3-9474-1A3956D46DE8}") = "Pargon", "Pargon", "{ECCB7647-CDE1-4000-AAAB-03AB806F1FC3}"
EndProject
Project("{8BC9CEB8-8B4A-11D0-8D11-00A0C91BC942}") = "Animation", "..\..\..\Pargon\Platforms\WindowsDesktop\Modules\Animation\Animation.vcxproj", "{33B9303F-07D7-4902-B053-1F38884BDF12}"
EndProject
Project("{8BC9CEB8-8B4A-11D0-8D11-00A0C91BC942}") = "ApplicationCore", "..\..\..\Pargon\Platforms\WindowsDesktop\Modules\Application\Core\ApplicationCore.vcxproj", "{2823E969-2DE3-4A13-92B0-759B9488388D}"
EndProject
Project("{8BC9CEB8-8B4A-11D0-8D11-00A0C91BC942}") = "ApplicationUi", "..\..\..\Pargon\Platforms\WindowsDesktop\Modules\Application\Ui\ApplicationUi.vcxproj", "{3A2D8E1D-75E6-43D5-9BCB-F06B4E5822EF}"
EndProject
Project("{8BC9CEB8-8B4A-11D0-8D11-00A0C91BC942}") = "Audio", "..\..\..\Pargon\Platforms\WindowsDesktop\Modules\Audio\Audio.vcxproj", "{B1B3FCCF-9A70-4071-A59E-63628A806F7F}"
EndProject
Project("{8BC9CEB8-8B4A-11D0-8D11-00A0C91BC942}") = "Data", "..\..\..\Pargon\Platforms\WindowsDesktop\Modules\Data\Data.vcxproj", "{6B2F7513-6121-4528-965F-7B4EEB8C2F2B}"
EndProject
Project("{8BC9CEB8-8B4A-11D0-8D11-00A0C91BC942}") = "FileSystem", "..\..\..\Pargon\Platforms\WindowsDesktop\Modules\FileSystem\FileSystem.vcxproj", "{257D5736-043C-4BD4-94B7-29C437B5538E}"
EndProject
Project("{8BC9CEB8-8B4A-11D0-8D11-00A0C91BC942}") = "GameCore", "..\..\..\Pargon\Platforms\WindowsDesktop\Modules\Game\Core\GameCore.vcxproj", "{297832CB-EF44-4C0B-9D9F-3C33842F767D}"
EndProject
Project("{8BC9CEB8-8B4A-11D0-8D11-00A0C91BC942}") = "GameX2d", "..\..\..\Pargon\Platforms\WindowsDesktop\Modules\Game\X2d\GameX2d.vcxproj", "{05FE128F-637B-4801-841F-89954E088E6E}"
EndProject
Project("{8BC9CEB8-8B4A-11D0-8D11-00A0C91BC942}") = "Graphics", "..\..\..\Pargon\Platforms\WindowsDesktop\Modules\Graphics\Graphics.vcxproj", "{B40C0B31-07D2-43F5-9728-67D895A0D584}"
EndProject
Project("{8BC9CEB8-8B4A-11D0-8D11-00A0C91BC942}") = "Gui", "..\..\..\Pargon\Platforms\WindowsDesktop\Modules\Gui\Gui.vcxproj", "{D8FB8CE4-9F79-474F-B894-9FB0BFA6DD7F}"
EndProject
Project("{8BC9CEB8-8B4A-11D0-8D11-00A0C91BC942}") = "Input", "..\..\..\Pargon\Platforms\WindowsDesktop\Modules\Input\Input.vcxproj", "{6CC296F4-542F-4209-8AB3-2D720583F323}"
EndProject
Project("{8BC9CEB8-8B4A-11D0-8D11-00A0C91BC942}") = "Introspection", "..\..\..\Pargon\Platforms\WindowsDesktop\Modules\Introspection\Introspection.vcxproj", "{B84B6E0F-845F-4D9C-BED4-27D59F5021C3}"
EndProject
Project("{8BC9CEB8-8B4A-11D0-8D11-00A0C91BC942}") = "Math", "..\..\..\Pargon\Platforms\WindowsDesktop\Modules\Math\Math.vcxproj", "{18A8C843-B0DC-4E08-85F9-BA0686CBCA52}"
EndProject
Project("{8BC9CEB8-8B4A-11D0-8D11-00A0C91BC942}") = "Networking", "..\..\..\Pargon\Platforms\WindowsDesktop\Modules\Networking\Networking.vcxproj", "{DA627965-D106-4CCE-A859-B87EB6F07E86}"
EndProject
Project("{8BC9CEB8-8B4A-11D0-8D11-00A0C91BC942}") = "Reflection", "..\..\..\Pargon\Platforms\WindowsDesktop\Modules\Reflection\Reflection.vcxproj", "{EECB6244-3F91-493E-A320-1EDF34D0D958}"
EndProject
Project("{8BC9CEB8-8B4A-11D0-8D11-00A0C91BC942}") = "Scripting", "..\..\..\Pargon\Platforms\WindowsDesktop\Modules\Scripting\Scripting.vcxproj", "{44071FCE-3756-48EC-B0BA-71791565062F}"
EndProject
Project("{8BC9CEB8-8B4A-11D0-8D11-00A0C91BC942}") = "Serialization", "..\..\..\Pargon\Platforms\WindowsDesktop\Modules\Serialization\Serialization.vcxproj", "{B678746A-185B-494A-B2D9-0EBCAF49A296}"
EndProject
Project("{8BC9CEB8-8B4A-11D0-8D11-00A0C91BC942}") = "Text", "..\..\..\Pargon\Platforms\WindowsDesktop\Modules\Text\Text.vcxproj", "{B84BC0B0-9AD7-45B0-AB38-A09415D5261F}"
EndProject
Project("{8BC9CEB8-8B4A-11D0-8D11-00A0C91BC942}") = "Tools", "..\..\..\Pargon\Platforms\WindowsDesktop\Modules\Tools\Tools.vcxproj", "{086E5019-3B2C-41DE-BB17-27C9BFF45E91}"
EndProject
Project("{8BC9CEB8-8B4A-11D0-8D11-00A0C91BC942}") = "Types", "..\..\..\Pargon\Platforms\WindowsDesktop\Modules\Types\Types.vcxproj", "{5830D0A1-C718-4798-8632-06602F9411F9}"
EndProject
Project("{8BC9CEB8-8B4A-11D0-8D11-00A0C91BC942}") = "Pargon", "..\..\..\Pargon\Platforms\WindowsDesktop\Pargon.vcxproj", "{DD93B0A7-B808-4613-9F78-EBBB43AB0AEF}"
EndProject
Project("{8BC9CEB8-8B4A-11D0-8D11-00A0C91BC942}") = "freetype", "..\..\..\Pargon\Platforms\WindowsDesktop\Libraries\freetype\freetype.vcxproj", "{A03F89FD-5A90-41E1-B2CE-8A23B8EB65D3}"
EndProject
Project("{8BC9CEB8-8B4A-11D0-8D11-00A0C91BC942}") = "Squirrel", "..\..\..\Pargon\Platforms\WindowsDesktop\Libraries\Squirrel\Squirrel.vcxproj", "{7D728C9A-9476-4A18-B7E4-F95D6EB2BC18}"
EndProject
Project("{8BC9CEB8-8B4A-11D0-8D11-00A0C91BC942}") = "stbimage", "..\..\..\Pargon\Platforms\WindowsDesktop\Libraries\stbimage\stbimage.vcxproj", "{FE93B601-FB22-415C-9D4C-861996CCAFF1}"
EndProject
Project("{8BC9CEB8-8B4A-11D0-8D11-00A0C91BC942}") = "zlib", "..\..\..\Pargon\Platforms\WindowsDesktop\Libraries\zlib\zlib.vcxproj", "{D7F14B72-9DDE-410A-9D16-C33469E2AF39}"
EndProject
Global
	GlobalSection(SolutionConfigurationPlatforms) = preSolution
		Debug|x64 = Debug|x64
		Debug|x86 = Debug|x86
		Release|x64 = Release|x64
		Release|x86 = Release|x86
	EndGlobalSection
	GlobalSection(ProjectConfigurationPlatforms) = postSolution
		{3B13A90F-B3A1-4F1D-9DC0-350C3CEC3E34}.Debug|x64.ActiveCfg = Debug|x64
		{3B13A90F-B3A1-4F1D-9DC0-350C3CEC3E34}.Debug|x64.Build.0 = Debug|x64
		{3B13A90F-B3A1-4F1D-9DC0-350C3CEC3E34}.Debug|x86.ActiveCfg = Debug|Win32
		{3B13A90F-B3A1-4F1D-9DC0-350C3CEC3E34}.Debug|x86.Build.0 = Debug|Win32
		{3B13A90F-B3A1-4F1D-9DC0-350C3CEC3E34}.Release|x64.ActiveCfg = Release|x64
		{3B13A90F-B3A1-4F1D-9DC0-350C3CEC3E34}.Release|x64.Build.0 = Release|x64
		{3B13A90F-B3A1-4F1D-9DC0-350C3CEC3E34}.Release|x86.ActiveCfg = Release|Win32
		{3B13A90F-B3A1-4F1D-9DC0-350C3CEC3E34}.Release|x86.Build.0 = Release|Win32
		{33B9303F-07D7-4902-B053-1F38884BDF12}.Debug|x64.ActiveCfg = Debug|x64
		{33B9303F-07D7-4902-B053-1F38884BDF12}.Debug|x64.Build.0 = Debug|x64
		{33B9303F-07D7-4902-B053-1F38884BDF12}.Debug|x86.ActiveCfg = Debug|Win32
		{33B9303F-07D7-4902-B053-1F38884BDF12}.Debug|x86.Build.0 = Debug|Win32
		{33B9303F-07D7-4902-B053-1F38884BDF12}.Release|x64.ActiveCfg = Release|x64
		{33B9303F-07D7-4902-B053-1F38884BDF12}.Release|x64.Build.0 = Release|x64
		{33B9303F-07D7-4902-B053-1F38884BDF12}.Release|x86.ActiveCfg = Release|Win32
		{33B9303F-07D7-4902-B053-1F38884BDF12}.Release|x86.Build.0 = Release|Win32
		{2823E969-2DE3-4A13-92B0-759B9488388D}.Debug|x64.ActiveCfg = Debug|x64
		{2823E969-2DE3-4A13-92B0-759B9488388D}.Debug|x64.Build.0 = Debug|x64
		{2823E969-2DE3-4A13-92B0-759B9488388D}.Debug|x86.ActiveCfg = Debug|Win32
		{2823E969-2DE3-4A13-92B0-759B9488388D}.Debug|x86.Build.0 = Debug|Win32
		{2823E969-2DE3-4A13-92B0-759B9488388D}.Release|x64.ActiveCfg = Release|x64
		{2823E969-2DE3-4A13-92B0-759B9488388D}.Release|x64.Build.0 = Release|x64
		{2823E969-2DE3-4A13-92B0-759B9488388D}.Release|x86.ActiveCfg = Release|Win32
		{2823E969-2DE3-4A13-92B0-759B9488388D}.Release|x86.Build.0 = Release|Win32
		{3A2D8E1D-75E6-43D5-9BCB-F06B4E5822EF}.Debug|x64.ActiveCfg = Debug|x64
		{3A2D8E1D-75E6-43D5-9BCB-F06B4E5822EF}.Debug|x64.Build.0 = Debug|x64
		{3A2D8E1D-75E6-43D5-9BCB-F06B4E5822EF}.Debug|x86.ActiveCfg = Debug|Win32
		{3A2D8E1D-75E6-43D5-9BCB-F06B4E5822EF}.Debug|x86.Build.0 = Debug|Win32
		{3A2D8E1D-75E6-43D5-9BCB-F06B4E5822EF}.Release|x64.ActiveCfg = Release|x64
		{3A2D8E1D-75E6-43D5-9BCB-F06B4E5822EF}.Release|x64.Build.0 = Release|x64
		{3A2D8E1D-75E6-43D5-9BCB-F06B4E5822EF}.Release|x86.ActiveCfg = Release|Win32
		{3A2D8E1D-75E6-43D5-9BCB-F06B4E5822EF}.Release|x86.Build.0 = Release|Win32
		{B1B3FCCF-9A70-4071-A59E-63628A806F7F}.Debug|x64.ActiveCfg = Debug|x64
		{B1B3FCCF-9A70-4071-A59E-63628A806F7F}.Debug|x64.Build.0 = Debug|x64
		{B1B3FCCF-9A70-4071-A59E-63628A806F7F}.Debug|x86.ActiveCfg = Debug|Win32
		{B1B3FCCF-9A70-4071-A59E-63628A806F7F}.Debug|x86.Build.0 = Debug|Win32
		{B1B3FCCF-9A70-4071-A59E-63628A806F7F}.Release|x64.ActiveCfg = Release|x64
		{B1B3FCCF-9A70-4071-A59E-63628A806F7F}.Release|x64.Build.0 = Release|x64
		{B1B3FCCF-9A70-4071-A59E-63628A806F7F}.Release|x86.ActiveCfg = Release|Win32
		{B1B3FCCF-9A70-4071-A59E-63628A806F7F}.Release|x86.Build.0 = Release|Win32
		{6B2F7513-6121-4528-965F-7B4EEB8C2F2B}.Debug|x64.ActiveCfg = Debug|x64
		{6B2F7513-6121-4528-965F-7B4EEB8C2F2B}.Debug|x64.Build.0 = Debug|x64
		{6B2F7513-6121-4528-965F-7B4EEB8C2F2B}.Debug|x86.ActiveCfg = Debug|Win32
		{6B2F7513-6121-4528-965F-7B4EEB8C2F2B}.Debug|x86.Build.0 = Debug|Win32
		{6B2F7513-6121-4528-965F-7B4EEB8C2F2B}.Release|x64.ActiveCfg = Release|x64
		{6B2F7513-6121-4528-965F-7B4EEB8C2F2B}.Release|x64.Build.0 = Release|x64
		{6B2F7513-6121-4528-965F-7B4EEB8C2F2B}.Release|x86.ActiveCfg = Release|Win32
		{6B2F7513-6121-4528-965F-7B4EEB8C2F2B}.Release|x86.Build.0 = Release|Win32
		{257D5736-043C-4BD4-94B7-29C437B5538E}.Debug|x64.ActiveCfg = Debug|x64
		{257D5736-043C-4BD4-94B7-29C437B5538E}.Debug|x64.Build.0 = Debug|x64
		{257D5736-043C-4BD4-94B7-29C437B5538E}.Debug|x86.ActiveCfg = Debug|Win32
		{257D5736-043C-4BD4-94B7-29C437B5538E}.Debug|x86.Build.0 = Debug|Win32
		{257D5736-043C-4BD4-94B7-29C437B5538E}.Release|x64.ActiveCfg = Release|x64
		{257D5736-043C-4BD4-94B7-29C437B5538E}.Release|x64.Build.0 = Release|x64
		{257D5736-043C-4BD4-94B7-29C437B5538E}.Release|x86.ActiveCfg = Release|Win32
		{257D5736-043C-4BD4-94B7-29C437B5538E}.Release|x86.Build.0 = Release|Win32
		{297832CB-EF44-4C0B-9D9F-3C33842F767D}.Debug|x64.ActiveCfg = Debug|x64
		{297832CB-EF44-4C0B-9D9F-3C33842F767D}.Debug|x64.Build.0 = Debug|x64
		{297832CB-EF44-4C0B-9D9F-3C33842F767D}.Debug|x86.ActiveCfg = Debug|Win32
		{297832CB-EF44-4C0B-9D9F-3C33842F767D}.Debug|x86.Build.0 = Debug|Win32
		{297832CB-EF44-4C0B-9D9F-3C33842F767D}.Release|x64.ActiveCfg = Release|x64
		{297832CB-EF44-4C0B-9D9F-3C33842F767D}.Release|x64.Build.0 = Release|x64
		{297832CB-EF44-4C0B-9D9F-3C33842F767D}.Release|x86.ActiveCfg = Release|Win32
		{297832CB-EF44-4C0B-9D9F-3C33842F767D}.Release|x86.Build.0 = Release|Win32
		{05FE128F-637B-4801-841F-89954E088E6E}.Debug|x64.ActiveCfg = Debug|x64
		{05FE128F-637B-4801-841F-89954E088E6E}.Debug|x64.Build.0 = Debug|x64
		{05FE128F-637B-4801-841F-89954E088E6E}.Debug|x86.ActiveCfg = Debug|Win32
		{05FE128F-637B-4801-841F-89954E088E6E}.Debug|x86.Build.0 = Debug|Win32
		{05FE128F-637B-4801-841F-89954E088E6E}.Release|x64.ActiveCfg = Release|x64
		{05FE128F-637B-4801-841F-89954E088E6E}.Release|x64.Build.0 = Release|x64
		{05FE128F-637B-4801-841F-89954E088E6E}.Release|x86.ActiveCfg = Release|Win32
		{05FE128F-637B-4801-841F-89954E088E6E}.Release|x86.Build.0 = Release|Win32
		{B40C0B31-07D2-43F5-9728-67D895A0D584}.Debug|x64.ActiveCfg = Debug|x64
		{B40C0B31-07D2-43F5-9728-67D895A0D584}.Debug|x64.Build.0 = Debug|x64
		{B40C0B31-07D2-43F5-9728-67D895A0D584}.Debug|x86.ActiveCfg = Debug|Win32
		{B40C0B31-07D2-43F5-9728-67D895A0D584}.Debug|x86.Build.0 = Debug|Win32
		{B40C0B31-07D2-43F5-9728-67D895A0D584}.Release|x64.ActiveCfg = Release|x64
		{B40C0B31-07D2-43F5-9728-67D895A0D584}.Release|x64.Build.0 = Release|x64
		{B40C0B31-07D2-43F5-9728-67D895A0D584}.Release|x86.ActiveCfg = Release|Win32
		{B40C0B31-07D2-43F5-9728-67D895A0D584}.Release|x86.Build.0 = Release|Win32
		{D8FB8CE4-9F79-474F-B894-9FB0BFA6DD7F}.Debug|x64.ActiveCfg = Debug|x64
		{D8FB8CE4-9F79-474F-B894-9FB0BFA6DD7F}.Debug|x64.Build.0 = Debug|x64
		{D8FB8CE4-9F79-474F-B894-9FB0BFA6DD7F}.Debug|x86.ActiveCfg = Debug|Win32
		{D8FB8CE4-9F79-474F-B894-9FB0BFA6DD7F}.Debug|x86.Build.0 = Debug|Win32
		{D8FB8CE4-9F79-474F-B894-9FB0BFA6DD7F}.Release|x64.ActiveCfg = Release|x64
		{D8FB8CE4-9F79-474F-B894-9FB0BFA6DD7F}.Release|x64.Build.0 = Release|x64
		{D8FB8CE4-9F79-474F-B894-9FB0BFA6DD7F}.Release|x86.ActiveCfg = Release|Win32
		{D8FB8CE4-9F79-474F-B894-9FB0BFA6DD7F}.Release|x86.Build.0 = Release|Win32
		{6CC296F4-542F-4209-8AB3-2D720583F323}.Debug|x64.ActiveCfg = Debug|x64
		{6CC296F4-542F-4209-8AB3-2D720583F323}.Debug|x64.Build.0 = Debug|x64
		{6CC296F4-542F-4209-8AB3-2D720583F323}.Debug|x86.ActiveCfg = Debug|Win32
		{6CC296F4-542F-4209-8AB3-2D720583F323}.Debug|x86.Build.0 = Debug|Win32
		{6CC296F4-542F-4209-8AB3-2D720583F323}.Release|x64.ActiveCfg = Release|x64
		{6CC296F4-542F-4209-8AB3-2D720583F323}.Release|x64.Build.0 = Release|x64
		{6CC296F4-542F-4209-8AB3-2D720583F323}.Release|x86.ActiveCfg = Release|Win32
		{6CC296F4-542F-4209-8AB3-2D720583F323}.Release|x86.Build.0 = Release|Win32
		{B84B6E0F-845F-4D9C-BED4-27D59F5021C3}.Debug|x64.ActiveCfg = Debug|x64
		{B84B6E0F-845F-4D9C-BED4-27D59F5021C3}.Debug|x64.Build.0 = Debug|x64
		{B84B6E0F-845F-4D9C-BED4-27D59F5021C3}.Debug|x86.ActiveCfg = Debug|Win32
		{B84B6E0F-845F-4D9C-BED4-27D59F5021C3}.Debug|x86.Build.0 = Debug|Win32
		{B84B6E0F-845F-4D9C-BED4-27D59F5021C3}.Release|x64.ActiveCfg = Release|x64
		{B84B6E0F-845F-4D9C-BED4-27D59F5021C3}.Release|x64.Build.0 = Release|x64
		{B84B6E0F-845F-4D9C-BED4-27D59F5021C3}.Release|x86.ActiveCfg = Release|Win32
		{B84B6E0F-845F-4D9C-BED4-27D59F5021C3}.Release|x86.Build.0 = Release|Win32
		{18A8C843-B0DC-4E08-85F9-BA0686CBCA52}.Debug|x64.ActiveCfg = Debug|x64
		{18A8C843-B0DC-4E08-85F9-BA0686CBCA52}.Debug|x64.Build.0 = Debug|x64
		{18A8C843-B0DC-4E08-85F9-BA0686CBCA52}.Debug|x86.ActiveCfg = Debug|Win32
		{18A8C843-B0DC-4E08-85F9-BA0686CBCA52}.Debug|x86.Build.0 = Debug|Win32
		{18A8C843-B0DC-4E08-85F9-BA0686CBCA52}.Release|x64.ActiveCfg = Release|x64
		{18A8C843-B0DC-4E08-85F9-BA0686CBCA52}.Release|x64.Build.0 = Release|x64
		{18A8C843-B0DC-4E08-85F9-BA0686CBCA52}.Release|x86.ActiveCfg = Release|Win32
		{18A8C843-B0DC-4E08-85F9-BA0686CBCA52}.Release|x86.Build.0 = Release|Win32
		{DA627965-D106-4CCE-A859-B87EB6F07E86}.Debug|x64.ActiveCfg = Debug|x64
		{DA627965-D106-4CCE-A859-B87EB6F07E86}.Debug|x64.Build.0 = Debug|x64
		{DA627965-D106-4CCE-A859-B87EB6F07E86}.Debug|x86.ActiveCfg = Debug|Win32
		{DA627965-D106-4CCE-A859-B87EB6F07E86}.Debug|x86.Build.0 = Debug|Win32
		{DA627965-D106-4CCE-A859-B87EB6F07E86}.Release|x64.ActiveCfg = Release|x64
		{DA627965-D106-4CCE-A859-B87EB6F07E86}.Release|x64.Build.0 = Release|x64
		{DA627965-D106-4CCE-A859-B87EB6F07E86}.Release|x86.ActiveCfg = Release|Win32
		{DA627965-D106-4CCE-A859-B87EB6F07E86}.Release|x86.Build.0 = Release|Win32
		{EECB6244-3F91-493E-A320-1EDF34D0D958}.Debug|x64.ActiveCfg = Debug|x64
		{EECB6244-3F91-493E-A320-1EDF34D0D958}.Debug|x64.Build.0 = Debug|x64
		{EECB6244-3F91-493E-A320-1EDF34D0D958}.Debug|x86.ActiveCfg = Debug|Win32
		{EECB6244-3F91-493E-A320-1EDF34D0D958}.Debug|x86.Build.0 = Debug|Win32
		{EECB6244-3F91-493E-A320-1EDF34D0D958}.Release|x64.ActiveCfg = Release|x64
		{EECB6244-3F91-493E-A320-1EDF34D0D958}.Release|x64.Build.0 = Release|x64
		{EECB6244-3F91-493E-A320-1EDF34D0D958}.Release|x86.ActiveCfg = Release|Win32
		{EECB6244-3F91-493E-A320-1EDF34D0D958}.Release|x86.Build.0 = Release|Win32
		{44071FCE-3756-48EC-B0BA-71791565062F}.Debug|x64.ActiveCfg = Debug|x64
		{44071FCE-3756-48EC-B0BA-71791565062F}.Debug|x64.Build.0 = Debug|x64
		{44071FCE-3756-48EC-B0BA-71791565062F}.Debug|x86.ActiveCfg = Debug|Win32
		{44071FCE-3756-48EC-B0BA-71791565062F}.Debug|x86.Build.0 = Debug|Win32
		{44071FCE-3756-48EC-B0BA-71791565062F}.Release|x64.ActiveCfg = Release|x64
		{44071FCE-3756-48EC-B0BA-71791565062F}.Release|x64.Build.0 = Release|x64
		{44071FCE-3756-48EC-B0BA-71791565062F}.Release|x86.ActiveCfg = Release|Win32
		{44071FCE-3756-48EC-B0BA-71791565062F}.Release|x86.Build.0 = Release|Win32
		{B678746A-185B-494A-B2D9-0EBCAF49A296}.Debug|x64.ActiveCfg = Debug|x64
		{B678746A-185B-494A-B2D9-0EBCAF49A296}.Debug|x64.Build.0 = Debug|x64
		{B678746A-185B-494A-B2D9-0EBCAF49A296}.Debug|x86.ActiveCfg = Debug|Win32
		{B678746A-185B-494A-B2D9-0EBCAF49A296}.Debug|x86.Build.0 = Debug|Win32
		{B678746A-185B-494A-B2D9-0EBCAF49A296}.Release|x64.ActiveCfg = Release|x64
		{B678746A-185B-494A-B2D9-0EBCAF49A296}.Release|x64.Build.0 = Release|x64
		{B678746A-185B-494A-B2D9-0EBCAF49A296}.Release|x86.ActiveCfg = Release|Win32
		{B678746A-185B-494A-B2D9-0EBCAF49A296}.Release|x86.Build.0 = Release|Win32
		{B84BC0B0-9AD7-45B0-AB38-A09415D5261F}.Debug|x64.ActiveCfg = Debug|x64
		{B84BC0B0-9AD7-45B0-AB38-A09415D5261F}.Debug|x64.Build.0 = Debug|x64
		{B84BC0B0-9AD7-45B0-AB38-A09415D5261F}.Debug|x86.ActiveCfg = Debug|Win32
		{B84BC0B0-9AD7-45B0-AB38-A09415D5261F}.Debug|x86.Build.0 = Debug|Win32
		{B84BC0B0-9AD7-45B0-AB38-A09415D5261F}.Release|x64.ActiveCfg = Release|x64
		{B84BC0B0-9AD7-45B0-AB38-A09415D5261F}.Release|x64.Build.0 = Release|x64
		{B84BC0B0-9AD7-45B0-AB38-A09415D5261F}.Release|x86.ActiveCfg = Release|Win32
		{B84BC0B0-9AD7-45B0-AB38-A09415D5261F}.Release|x86.Build.0 = Release|Win32
		{086E5019-3B2C-41DE-BB17-27C9BFF45E91}.Debug|x64.ActiveCfg = Debug|x64
		{086E5019-3B2C-41DE-BB17-27C9BFF45E91}.Debug|x64.Build.0 = Debug|x64
		{086E5019-3B2C-41DE-BB17-27C9BFF45E91}.Debug|x86.ActiveCfg = Debug|Win32
		{086E5019-3B2C-41DE-BB17-27C9BFF45E91}.Debug|x86.Build.0 = Debug|Win32
		{086E5019-3B2C-41DE-BB17-27C9BFF45E91}.Release|x64.ActiveCfg = Release|x64
		{086E5019-3B2C-41DE-BB17-27C9BFF45E91}.Release|x64.Build.0 = Release|x64
		{086E5019-3B2C-41DE-BB17-27C9BFF45E91}.Release|x86.ActiveCfg = Release|Win32
		{086E5019-3B2C-41DE-BB17-27C9BFF45E91}.Release|x86.Build.0 = Release|Win32
		{5830D0A1-C718-4798-8632-06602F9411F9}.Debug|x64.ActiveCfg = Debug|x64
		{5830D0A1-C718-4798-8632-06602F9411F9}.Debug|x64.Build.0 = Debug|x64
		{5830D0A1-C718-4798-8632-06602F9411F9}.Debug|x86.ActiveCfg = Debug|Win32
		{5830D0A1-C718-4798-8632-06602F9411F9}.Debug|x86.Build.0 = Debug|Win32
		{5830D0A1-C718-4798-8632-06602F9411F9}.Release|x64.ActiveCfg = Release|x64
		{5830D0A1-C718-4798-8632-06602F9411F9}.Release|x64.Build.0 = Release|x64
		{5830D0A1-C718-4798-8632-06602F9411F9}.Release|x86.ActiveCfg = Release|Win32
		{5830D0A1-C718-4798-8632-06602F9411F9}.Release|x86.Build.0 = Release|Win32
		{DD93B0A7-B808-4613-9F78-EBBB43AB0AEF}.Debug|x64.ActiveCfg = Debug|x64
		{DD93B0A7-B808-4613-9F78-EBBB43AB0AEF}.Debug|x64.Build.0 = Debug|x64
		{DD93B0A7-B808-4613-9F78-EBBB43AB0AEF}.Debug|x86.ActiveCfg = Debug|Win32
		{DD93B0A7-B808-4613-9F78-EBBB43AB0AEF}.Debug|x86.Build.0 = Debug|Win32
		{DD93B0A7-B808-4613-9F78-EBBB43AB0AEF}.Release|x64.ActiveCfg = Release|x64
		{DD93B0A7-B808-4613-9F78-EBBB43AB0AEF}.Release|x64.Build.0 = Release|x64
		{DD93B0A7-B808-4613-9F78-EBBB43AB0AEF}.Release|x86.ActiveCfg = Release|Win32
		{DD93B0A7-B808-4613-9F78-EBBB43AB0AEF}.Release|x86.Build.0 = Release|Win32
		{A03F89FD-5A90-41E1-B2CE-8A23B8EB65D3}.Debug|x64.ActiveCfg = Debug|x64
		{A03F89FD-5A90-41E1-B2CE-8A23B8EB65D3}.Debug|x64.Build.0 = Debug|x64
		{A03F89FD-5A90-41E1-B2CE-8A23B8EB65D3}.Debug|x86.ActiveCfg = Debug|Win32
		{A03F89FD-5A90-41E1-B2CE-8A23B8EB65D3}.Debug|x86.Build.0 = Debug|Win32
		{A03F89FD-5A90-41E1-B2CE-8A23B8EB65D3}.Release|x64.ActiveCfg = Release|x64
		{A03F89FD-5A90-41E1-B2CE-8A23B8EB65D3}.Release|x64.Build.0 = Release|x64
		{A03F89FD-5A90-41E1-B2CE-8A23B8EB65D3}.Release|x86.ActiveCfg = Release|Win32
		{A03F89FD-5A90-41E1-B2CE-8A23B8EB65D3}.Release|x86.Build.0 = Release|Win32
		{7D728C9A-9476-4A18-B7E4-F95D6EB2BC18}.Debug|x64.ActiveCfg = Debug|x64
		{7D728C9A-9476-4A18-B7E4-F95D6EB2BC18}.Debug|x64.Build.0 = Debug|x64
		{7D728C9A-9476-4A18-B7E4-F95D6EB2BC18}.Debug|x86.ActiveCfg = Debug|Win32
		{7D728C9A-9476-4A18-B7E4-F95D6EB2BC18}.Debug|x86.Build.0 = Debug|Win32
		{7D728C9A-9476-4A18-B7E4-F95D6EB2BC18}.Release|x64.ActiveCfg = Release|x64
		{7D728C9A-9476-4A18-B7E4-F95D6EB2BC18}.Release|x64.Build.0 = Release|x64
		{7D728C9A-9476-4A18-B7E4-F95D6EB2BC18}.Release|x86.ActiveCfg = Release|Win32
		{7D728C9A-9476-4A18-B7E4-F95D6EB2BC18}.Release|x86.Build.0 = Release|Win32
		{FE93B601-FB22-415C-9D4C-861996CCAFF1}.Debug|x64.ActiveCfg = Debug|x64
		{FE93B601-FB22-415C-9D4C-861996CCAFF1}.Debug|x64.Build.0 = Debug|x64
		{FE93B601-FB22-415C-9D4C-861996CCAFF1}.Debug|x86.ActiveCfg = Debug|Win32
		{FE93B601-FB22-415C-9D4C-861996CCAFF1}.Debug|x86.Build.0 = Debug|Win32
		{FE93B601-FB22-415C-9D4C-861996CCAFF1}.Release|x64.ActiveCfg = Release|x64
		{FE93B601-FB22-415C-9D4C-861996CCAFF1}.Release|x64.Build.0 = Release|x64
		{FE93B601-FB22-415C-9D4C-861996CCAFF1}.Release|x86.ActiveCfg = Release|Win32
		{FE93B601-FB22-415C-9D4C-861996CCAFF1}.Release|x86.Build.0 = Release|Win32
		{D7F14B72-9DDE-410A-9D16-C33469E2AF39}.Debug|x64.ActiveCfg = Debug|x64
		{D7F14B72-9DDE-410A-9D16-C33469E2AF39}.Debug|x64.Build.0 = Debug|x64
		{D7F14B72-9DDE-410A-9D16-C33469E2AF39}.Debug|x86.ActiveCfg = Debug|Win32
		{D7F14B72-9DDE-410A-9D16-C33469E2AF39}.Debug|x86.Build.0 = Debug|Win32
		{D7F14B72-9DDE-410A-9D16-C33469E2AF39}.Release|x64.ActiveCfg = Release|x64
		{D7F14B72-9DDE-410A-9D16-C33469E2AF39}.Release|x64.Build.0 = Release|x64
		{D7F14B72-9DDE-410A-9D16-C33469E2AF39}.Release|x86.ActiveCfg = Release|Win32
		{D7F14B72-9DDE-410A-9D16-C33469E2AF39}.Release|x86.Build.0 = Release|Win32
	EndGlobalSection
	GlobalSection(SolutionProperties) = preSolution
		HideSolutionNode = FALSE
	EndGlobalSection
	GlobalSection(NestedProjects) = preSolution
		{33B9303F-07D7-4902-B053-1F38884BDF12} = {ECCB7647-CDE1-4000-AAAB-03AB806F1FC3}
		{2823E969-2DE3-4A13-92B0-759B9488388D} = {ECCB7647-CDE1-4000-AAAB-03AB806F1FC3}
		{3A2D8E1D-75E6-43D5-9BCB-F06B4E5822EF} = {ECCB7647-CDE1-4000-AAAB-03AB806F1FC3}
		{B1B3FCCF-9A70-4071-A59E-63628A806F7F} = {ECCB7647-CDE1-4000-AAAB-03AB806F1FC3}
		{6B2F7513-6121-4528-965F-7B4EEB8C2F2B} = {ECCB7647-CDE1-4000-AAAB-03AB806F1FC3}
		{257D5736-043C-4BD4-94B7-29C437B5538E} = {ECCB7647-CDE1-4000-AAAB-03AB806F1FC3}
		{297832CB-EF44-4C0B-9D9F-3C33842F767D} = {ECCB7647-CDE1-4000-AAAB-03AB806F1FC3}
		{05FE128F-637B-4801-841F-89954E088E6E} = {ECCB7647-CDE1-4000-AAAB-03AB806F1FC3}
		{B40C0B31-07D2-43F5-9728-67D895A0D584} = {ECCB7647-CDE1-4000-AAAB-03AB806F1FC3}
		{D8FB8CE4-9F79-474F-B894-9FB0BFA6DD7F} = {ECCB7647-CDE1-4000-AAAB-03AB806F1FC3}
		{6CC296F4-542F-4209-8AB3-2D720583F323} = {ECCB7647-CDE1-4000-AAAB-03AB806F1FC3}
		{B84B6E0F-845F-4D9C-BED4-27D59F5021C3} = {ECCB7647-CDE1-4000-AAAB-03AB806F1FC3}
		{18A8C843-B0DC-4E08-85F9-BA0686CBCA52} = {ECCB7647-CDE1-4000-AAAB-03AB806F1FC3}
		{DA627965-D106-4CCE-A859-B87EB6F07E86} = {ECCB7647-CDE1-4000-AAAB-03AB806F1FC3}
		{EECB6244-3F91-493E-A320-1EDF34D0D958} = {ECCB7647-CDE1-4000-AAAB-03AB806F1FC3}
		{44071FCE-3756-48EC-B0BA-71791565062F} = {ECCB7647-CDE1-4000-AAAB-03AB806F1FC3}
		{B678746A-185B-494A-B2D9-0EBCAF49A296} = {ECCB7647-CDE1-4000-AAAB-03AB806F1FC3}
		{B84BC0B0-9AD7-45B0-AB38-A09415D5261F} = {ECCB7647-CDE1-4000-AAAB-03AB806F1FC3}
		{086E5019-3B2C-41DE-BB17-27C9BFF45E91} = {ECCB7647-CDE1-4000-AAAB-03AB806F1FC3}
		{5830D0A1-C718-4798-8632-06602F9411F9} = {ECCB7647-CDE1-4000-AAAB-03AB806F1FC3}
		{DD93B0A7-B808-4613-9F78-EBBB43AB0AEF} = {ECCB7647-CDE1-4000-AAAB-03AB806F1FC3}
		{A03F89FD-5A90-41E1-B2CE-8A23B8EB65D3} = {ECCB7647-CDE1-4000-AAAB-03AB806F1FC3}
		{7D728C9A-9476-4A18-B7E4-F95D6EB2BC18} = {ECCB7647-CDE1-4000-AAAB-03AB806F1FC3}
		{FE93B601-FB22-415C-9D4C-861996CCAFF1} = {ECCB7647-CDE1-4000-AAAB-03AB806F1FC3}
		{D7F14B72-9DDE-410A-9D16-C33469E2AF39} = {ECCB7647-CDE1-4000-AAAB-03AB806F1FC3}
	EndGlobalSection
EndGlobal
