
Microsoft Visual Studio Solution File, Format Version 12.00
# Visual Studio 14
VisualStudioVersion = 14.0.22823.1
MinimumVisualStudioVersion = 10.0.40219.1
Project("{8BC9CEB8-8B4A-11D0-8D11-00A0C91BC942}") = "GrungySponge", "GrungySponge\GrungySponge.vcxproj", "{51993EA4-B6D3-4077-948A-4BA1AA8F03CF}"
EndProject
Project("{2150E333-8FDC-42A3-9474-1A3956D46DE8}") = "Pargon", "Pargon", "{B49A9379-3EB3-41A3-8076-49AB584E3F6F}"
EndProject
Project("{8BC9CEB8-8B4A-11D0-8D11-00A0C91BC942}") = "Application", "..\..\..\Pargon\Platforms\VisualStudioUwp\Pargon\Application\Application.vcxproj", "{6328ACA2-617F-4105-B608-336D4F411ECA}"
EndProject
Project("{8BC9CEB8-8B4A-11D0-8D11-00A0C91BC942}") = "Data", "..\..\..\Pargon\Platforms\VisualStudioUwp\Pargon\Data\Data.vcxproj", "{072EDD4F-6E32-49CB-A15F-AD163842F884}"
EndProject
Project("{8BC9CEB8-8B4A-11D0-8D11-00A0C91BC942}") = "Debugging", "..\..\..\Pargon\Platforms\VisualStudioUwp\Pargon\Debugging\Debugging.vcxproj", "{59C56E2A-78E2-41CD-A45A-DFEFD3AA6834}"
EndProject
Project("{8BC9CEB8-8B4A-11D0-8D11-00A0C91BC942}") = "GameTools", "..\..\..\Pargon\Platforms\VisualStudioUwp\Pargon\GameTools\GameTools.vcxproj", "{1261DB10-F73C-4C68-B446-F6B56100BF7D}"
EndProject
Project("{8BC9CEB8-8B4A-11D0-8D11-00A0C91BC942}") = "Networking", "..\..\..\Pargon\Platforms\VisualStudioUwp\Pargon\Networking\Networking.vcxproj", "{047175ED-3AC0-4C6C-9CBC-20BB1F4EF11D}"
EndProject
Project("{8BC9CEB8-8B4A-11D0-8D11-00A0C91BC942}") = "Reflection", "..\..\..\Pargon\Platforms\VisualStudioUwp\Pargon\Reflection\Reflection.vcxproj", "{5E02C029-1FD9-422A-87FB-9B235DA9209A}"
EndProject
Project("{8BC9CEB8-8B4A-11D0-8D11-00A0C91BC942}") = "Serialization", "..\..\..\Pargon\Platforms\VisualStudioUwp\Pargon\Serialization\Serialization.vcxproj", "{F9316FCE-BA51-4616-88C0-5C3618955B18}"
EndProject
Project("{8BC9CEB8-8B4A-11D0-8D11-00A0C91BC942}") = "Types", "..\..\..\Pargon\Platforms\VisualStudioUwp\Pargon\Types\Types.vcxproj", "{83BA88F8-8D85-4AB5-9DE0-DB39D38A2ACA}"
EndProject
Project("{8BC9CEB8-8B4A-11D0-8D11-00A0C91BC942}") = "Audio", "..\..\..\Pargon\Platforms\VisualStudioUwp\Pargon\Audio\Audio.vcxproj", "{66FC3743-294A-4E58-B815-D8DD84F786F9}"
EndProject
Project("{8BC9CEB8-8B4A-11D0-8D11-00A0C91BC942}") = "FileSystem", "..\..\..\Pargon\Platforms\VisualStudioUwp\Pargon\FileSystem\FileSystem.vcxproj", "{0DC98BA1-1BF8-4EDC-ADBB-839871A990BE}"
EndProject
Project("{8BC9CEB8-8B4A-11D0-8D11-00A0C91BC942}") = "Game2d", "..\..\..\Pargon\Platforms\VisualStudioUwp\Pargon\Game2d\Game2d.vcxproj", "{ADA42498-E005-4D21-8477-4FFDF8946243}"
EndProject
Project("{8BC9CEB8-8B4A-11D0-8D11-00A0C91BC942}") = "GameCore", "..\..\..\Pargon\Platforms\VisualStudioUwp\Pargon\GameCore\GameCore.vcxproj", "{38BFD4AC-DFDF-4E3C-BD3A-D5C3C6D02AAC}"
EndProject
Project("{8BC9CEB8-8B4A-11D0-8D11-00A0C91BC942}") = "GameUi", "..\..\..\Pargon\Platforms\VisualStudioUwp\Pargon\GameUi\GameUi.vcxproj", "{665399ED-DA52-46D5-857E-2C6D6B8F25DB}"
EndProject
Project("{8BC9CEB8-8B4A-11D0-8D11-00A0C91BC942}") = "Graphics", "..\..\..\Pargon\Platforms\VisualStudioUwp\Pargon\Graphics\Graphics.vcxproj", "{B92A6837-2D62-43BF-943B-1EEBD094B51D}"
EndProject
Project("{8BC9CEB8-8B4A-11D0-8D11-00A0C91BC942}") = "Input", "..\..\..\Pargon\Platforms\VisualStudioUwp\Pargon\Input\Input.vcxproj", "{9A161C24-303D-497D-817C-783DCDCD9124}"
EndProject
Project("{8BC9CEB8-8B4A-11D0-8D11-00A0C91BC942}") = "Math", "..\..\..\Pargon\Platforms\VisualStudioUwp\Pargon\Math\Math.vcxproj", "{B65982CD-C32C-4D30-918C-2EBEE1CE8925}"
EndProject
Project("{8BC9CEB8-8B4A-11D0-8D11-00A0C91BC942}") = "Scripting", "..\..\..\Pargon\Platforms\VisualStudioUwp\Pargon\Scripting\Scripting.vcxproj", "{9D70F5FF-5351-48DA-8896-4A6334964B73}"
EndProject
Project("{8BC9CEB8-8B4A-11D0-8D11-00A0C91BC942}") = "Shapes", "..\..\..\Pargon\Platforms\VisualStudioUwp\Pargon\Shapes\Shapes.vcxproj", "{7A75509D-929E-4085-ACEF-8C1C7BEABD12}"
EndProject
Project("{8BC9CEB8-8B4A-11D0-8D11-00A0C91BC942}") = "Text", "..\..\..\Pargon\Platforms\VisualStudioUwp\Pargon\Text\Text.vcxproj", "{0DEA7C1E-0C66-4CF7-987E-859D7FA75AF9}"
EndProject
Project("{2150E333-8FDC-42A3-9474-1A3956D46DE8}") = "Libraries", "Libraries", "{E458DADF-3BF7-4924-A99D-ABD9D760E763}"
EndProject
Project("{8BC9CEB8-8B4A-11D0-8D11-00A0C91BC942}") = "freetype", "..\..\..\Pargon\Platforms\VisualStudioUwp\Libraries\freetype\freetype.vcxproj", "{300B4F95-5A10-41A8-BDF9-100538336EFF}"
EndProject
Project("{8BC9CEB8-8B4A-11D0-8D11-00A0C91BC942}") = "glew", "..\..\..\Pargon\Platforms\VisualStudioUwp\Libraries\glew\glew.vcxproj", "{C4934D9F-BC43-4F8C-A6CE-8FD116239EF8}"
EndProject
Project("{8BC9CEB8-8B4A-11D0-8D11-00A0C91BC942}") = "stbimage", "..\..\..\Pargon\Platforms\VisualStudioUwp\Libraries\stbimage\stbimage.vcxproj", "{E26A0610-9F12-4C40-8F86-C149DDF2DD95}"
EndProject
Project("{8BC9CEB8-8B4A-11D0-8D11-00A0C91BC942}") = "zlib", "..\..\..\Pargon\Platforms\VisualStudioUwp\Libraries\zlib\zlib.vcxproj", "{5579187C-FC67-49D3-AA0A-8673418F432C}"
EndProject
Project("{8BC9CEB8-8B4A-11D0-8D11-00A0C91BC942}") = "GrungySponge_assets", "GrungySponge_assets\GrungySponge_assets.vcxproj", "{89E801E2-7C37-4B5A-A081-B29173ACB8BF}"
EndProject
Project("{2150E333-8FDC-42A3-9474-1A3956D46DE8}") = "GrungySponge", "GrungySponge", "{37684FE5-024A-4C19-AA84-675233908140}"
EndProject
Global
	GlobalSection(SolutionConfigurationPlatforms) = preSolution
		Debug|ARM = Debug|ARM
		Debug|x64 = Debug|x64
		Debug|x86 = Debug|x86
		Release|ARM = Release|ARM
		Release|x64 = Release|x64
		Release|x86 = Release|x86
	EndGlobalSection
	GlobalSection(ProjectConfigurationPlatforms) = postSolution
		{51993EA4-B6D3-4077-948A-4BA1AA8F03CF}.Debug|ARM.ActiveCfg = Debug|ARM
		{51993EA4-B6D3-4077-948A-4BA1AA8F03CF}.Debug|ARM.Build.0 = Debug|ARM
		{51993EA4-B6D3-4077-948A-4BA1AA8F03CF}.Debug|ARM.Deploy.0 = Debug|ARM
		{51993EA4-B6D3-4077-948A-4BA1AA8F03CF}.Debug|x64.ActiveCfg = Debug|x64
		{51993EA4-B6D3-4077-948A-4BA1AA8F03CF}.Debug|x64.Build.0 = Debug|x64
		{51993EA4-B6D3-4077-948A-4BA1AA8F03CF}.Debug|x64.Deploy.0 = Debug|x64
		{51993EA4-B6D3-4077-948A-4BA1AA8F03CF}.Debug|x86.ActiveCfg = Debug|Win32
		{51993EA4-B6D3-4077-948A-4BA1AA8F03CF}.Debug|x86.Build.0 = Debug|Win32
		{51993EA4-B6D3-4077-948A-4BA1AA8F03CF}.Debug|x86.Deploy.0 = Debug|Win32
		{51993EA4-B6D3-4077-948A-4BA1AA8F03CF}.Release|ARM.ActiveCfg = Release|ARM
		{51993EA4-B6D3-4077-948A-4BA1AA8F03CF}.Release|ARM.Build.0 = Release|ARM
		{51993EA4-B6D3-4077-948A-4BA1AA8F03CF}.Release|ARM.Deploy.0 = Release|ARM
		{51993EA4-B6D3-4077-948A-4BA1AA8F03CF}.Release|x64.ActiveCfg = Release|x64
		{51993EA4-B6D3-4077-948A-4BA1AA8F03CF}.Release|x64.Build.0 = Release|x64
		{51993EA4-B6D3-4077-948A-4BA1AA8F03CF}.Release|x64.Deploy.0 = Release|x64
		{51993EA4-B6D3-4077-948A-4BA1AA8F03CF}.Release|x86.ActiveCfg = Release|Win32
		{51993EA4-B6D3-4077-948A-4BA1AA8F03CF}.Release|x86.Build.0 = Release|Win32
		{51993EA4-B6D3-4077-948A-4BA1AA8F03CF}.Release|x86.Deploy.0 = Release|Win32
		{6328ACA2-617F-4105-B608-336D4F411ECA}.Debug|ARM.ActiveCfg = Debug|ARM
		{6328ACA2-617F-4105-B608-336D4F411ECA}.Debug|ARM.Build.0 = Debug|ARM
		{6328ACA2-617F-4105-B608-336D4F411ECA}.Debug|x64.ActiveCfg = Debug|x64
		{6328ACA2-617F-4105-B608-336D4F411ECA}.Debug|x64.Build.0 = Debug|x64
		{6328ACA2-617F-4105-B608-336D4F411ECA}.Debug|x86.ActiveCfg = Debug|Win32
		{6328ACA2-617F-4105-B608-336D4F411ECA}.Debug|x86.Build.0 = Debug|Win32
		{6328ACA2-617F-4105-B608-336D4F411ECA}.Release|ARM.ActiveCfg = Release|ARM
		{6328ACA2-617F-4105-B608-336D4F411ECA}.Release|ARM.Build.0 = Release|ARM
		{6328ACA2-617F-4105-B608-336D4F411ECA}.Release|x64.ActiveCfg = Release|x64
		{6328ACA2-617F-4105-B608-336D4F411ECA}.Release|x64.Build.0 = Release|x64
		{6328ACA2-617F-4105-B608-336D4F411ECA}.Release|x86.ActiveCfg = Release|Win32
		{6328ACA2-617F-4105-B608-336D4F411ECA}.Release|x86.Build.0 = Release|Win32
		{072EDD4F-6E32-49CB-A15F-AD163842F884}.Debug|ARM.ActiveCfg = Debug|ARM
		{072EDD4F-6E32-49CB-A15F-AD163842F884}.Debug|ARM.Build.0 = Debug|ARM
		{072EDD4F-6E32-49CB-A15F-AD163842F884}.Debug|x64.ActiveCfg = Debug|x64
		{072EDD4F-6E32-49CB-A15F-AD163842F884}.Debug|x64.Build.0 = Debug|x64
		{072EDD4F-6E32-49CB-A15F-AD163842F884}.Debug|x86.ActiveCfg = Debug|Win32
		{072EDD4F-6E32-49CB-A15F-AD163842F884}.Debug|x86.Build.0 = Debug|Win32
		{072EDD4F-6E32-49CB-A15F-AD163842F884}.Release|ARM.ActiveCfg = Release|ARM
		{072EDD4F-6E32-49CB-A15F-AD163842F884}.Release|ARM.Build.0 = Release|ARM
		{072EDD4F-6E32-49CB-A15F-AD163842F884}.Release|x64.ActiveCfg = Release|x64
		{072EDD4F-6E32-49CB-A15F-AD163842F884}.Release|x64.Build.0 = Release|x64
		{072EDD4F-6E32-49CB-A15F-AD163842F884}.Release|x86.ActiveCfg = Release|Win32
		{072EDD4F-6E32-49CB-A15F-AD163842F884}.Release|x86.Build.0 = Release|Win32
		{59C56E2A-78E2-41CD-A45A-DFEFD3AA6834}.Debug|ARM.ActiveCfg = Debug|ARM
		{59C56E2A-78E2-41CD-A45A-DFEFD3AA6834}.Debug|ARM.Build.0 = Debug|ARM
		{59C56E2A-78E2-41CD-A45A-DFEFD3AA6834}.Debug|x64.ActiveCfg = Debug|x64
		{59C56E2A-78E2-41CD-A45A-DFEFD3AA6834}.Debug|x64.Build.0 = Debug|x64
		{59C56E2A-78E2-41CD-A45A-DFEFD3AA6834}.Debug|x86.ActiveCfg = Debug|Win32
		{59C56E2A-78E2-41CD-A45A-DFEFD3AA6834}.Debug|x86.Build.0 = Debug|Win32
		{59C56E2A-78E2-41CD-A45A-DFEFD3AA6834}.Release|ARM.ActiveCfg = Release|ARM
		{59C56E2A-78E2-41CD-A45A-DFEFD3AA6834}.Release|ARM.Build.0 = Release|ARM
		{59C56E2A-78E2-41CD-A45A-DFEFD3AA6834}.Release|x64.ActiveCfg = Release|x64
		{59C56E2A-78E2-41CD-A45A-DFEFD3AA6834}.Release|x64.Build.0 = Release|x64
		{59C56E2A-78E2-41CD-A45A-DFEFD3AA6834}.Release|x86.ActiveCfg = Release|Win32
		{59C56E2A-78E2-41CD-A45A-DFEFD3AA6834}.Release|x86.Build.0 = Release|Win32
		{1261DB10-F73C-4C68-B446-F6B56100BF7D}.Debug|ARM.ActiveCfg = Debug|ARM
		{1261DB10-F73C-4C68-B446-F6B56100BF7D}.Debug|ARM.Build.0 = Debug|ARM
		{1261DB10-F73C-4C68-B446-F6B56100BF7D}.Debug|x64.ActiveCfg = Debug|x64
		{1261DB10-F73C-4C68-B446-F6B56100BF7D}.Debug|x64.Build.0 = Debug|x64
		{1261DB10-F73C-4C68-B446-F6B56100BF7D}.Debug|x86.ActiveCfg = Debug|Win32
		{1261DB10-F73C-4C68-B446-F6B56100BF7D}.Debug|x86.Build.0 = Debug|Win32
		{1261DB10-F73C-4C68-B446-F6B56100BF7D}.Release|ARM.ActiveCfg = Release|ARM
		{1261DB10-F73C-4C68-B446-F6B56100BF7D}.Release|ARM.Build.0 = Release|ARM
		{1261DB10-F73C-4C68-B446-F6B56100BF7D}.Release|x64.ActiveCfg = Release|x64
		{1261DB10-F73C-4C68-B446-F6B56100BF7D}.Release|x64.Build.0 = Release|x64
		{1261DB10-F73C-4C68-B446-F6B56100BF7D}.Release|x86.ActiveCfg = Release|Win32
		{1261DB10-F73C-4C68-B446-F6B56100BF7D}.Release|x86.Build.0 = Release|Win32
		{047175ED-3AC0-4C6C-9CBC-20BB1F4EF11D}.Debug|ARM.ActiveCfg = Debug|ARM
		{047175ED-3AC0-4C6C-9CBC-20BB1F4EF11D}.Debug|ARM.Build.0 = Debug|ARM
		{047175ED-3AC0-4C6C-9CBC-20BB1F4EF11D}.Debug|x64.ActiveCfg = Debug|x64
		{047175ED-3AC0-4C6C-9CBC-20BB1F4EF11D}.Debug|x64.Build.0 = Debug|x64
		{047175ED-3AC0-4C6C-9CBC-20BB1F4EF11D}.Debug|x86.ActiveCfg = Debug|Win32
		{047175ED-3AC0-4C6C-9CBC-20BB1F4EF11D}.Debug|x86.Build.0 = Debug|Win32
		{047175ED-3AC0-4C6C-9CBC-20BB1F4EF11D}.Release|ARM.ActiveCfg = Release|ARM
		{047175ED-3AC0-4C6C-9CBC-20BB1F4EF11D}.Release|ARM.Build.0 = Release|ARM
		{047175ED-3AC0-4C6C-9CBC-20BB1F4EF11D}.Release|x64.ActiveCfg = Release|x64
		{047175ED-3AC0-4C6C-9CBC-20BB1F4EF11D}.Release|x64.Build.0 = Release|x64
		{047175ED-3AC0-4C6C-9CBC-20BB1F4EF11D}.Release|x86.ActiveCfg = Release|Win32
		{047175ED-3AC0-4C6C-9CBC-20BB1F4EF11D}.Release|x86.Build.0 = Release|Win32
		{5E02C029-1FD9-422A-87FB-9B235DA9209A}.Debug|ARM.ActiveCfg = Debug|ARM
		{5E02C029-1FD9-422A-87FB-9B235DA9209A}.Debug|ARM.Build.0 = Debug|ARM
		{5E02C029-1FD9-422A-87FB-9B235DA9209A}.Debug|x64.ActiveCfg = Debug|x64
		{5E02C029-1FD9-422A-87FB-9B235DA9209A}.Debug|x64.Build.0 = Debug|x64
		{5E02C029-1FD9-422A-87FB-9B235DA9209A}.Debug|x86.ActiveCfg = Debug|Win32
		{5E02C029-1FD9-422A-87FB-9B235DA9209A}.Debug|x86.Build.0 = Debug|Win32
		{5E02C029-1FD9-422A-87FB-9B235DA9209A}.Release|ARM.ActiveCfg = Release|ARM
		{5E02C029-1FD9-422A-87FB-9B235DA9209A}.Release|ARM.Build.0 = Release|ARM
		{5E02C029-1FD9-422A-87FB-9B235DA9209A}.Release|x64.ActiveCfg = Release|x64
		{5E02C029-1FD9-422A-87FB-9B235DA9209A}.Release|x64.Build.0 = Release|x64
		{5E02C029-1FD9-422A-87FB-9B235DA9209A}.Release|x86.ActiveCfg = Release|Win32
		{5E02C029-1FD9-422A-87FB-9B235DA9209A}.Release|x86.Build.0 = Release|Win32
		{F9316FCE-BA51-4616-88C0-5C3618955B18}.Debug|ARM.ActiveCfg = Debug|ARM
		{F9316FCE-BA51-4616-88C0-5C3618955B18}.Debug|ARM.Build.0 = Debug|ARM
		{F9316FCE-BA51-4616-88C0-5C3618955B18}.Debug|x64.ActiveCfg = Debug|x64
		{F9316FCE-BA51-4616-88C0-5C3618955B18}.Debug|x64.Build.0 = Debug|x64
		{F9316FCE-BA51-4616-88C0-5C3618955B18}.Debug|x86.ActiveCfg = Debug|Win32
		{F9316FCE-BA51-4616-88C0-5C3618955B18}.Debug|x86.Build.0 = Debug|Win32
		{F9316FCE-BA51-4616-88C0-5C3618955B18}.Release|ARM.ActiveCfg = Release|ARM
		{F9316FCE-BA51-4616-88C0-5C3618955B18}.Release|ARM.Build.0 = Release|ARM
		{F9316FCE-BA51-4616-88C0-5C3618955B18}.Release|x64.ActiveCfg = Release|x64
		{F9316FCE-BA51-4616-88C0-5C3618955B18}.Release|x64.Build.0 = Release|x64
		{F9316FCE-BA51-4616-88C0-5C3618955B18}.Release|x86.ActiveCfg = Release|Win32
		{F9316FCE-BA51-4616-88C0-5C3618955B18}.Release|x86.Build.0 = Release|Win32
		{83BA88F8-8D85-4AB5-9DE0-DB39D38A2ACA}.Debug|ARM.ActiveCfg = Debug|ARM
		{83BA88F8-8D85-4AB5-9DE0-DB39D38A2ACA}.Debug|ARM.Build.0 = Debug|ARM
		{83BA88F8-8D85-4AB5-9DE0-DB39D38A2ACA}.Debug|x64.ActiveCfg = Debug|x64
		{83BA88F8-8D85-4AB5-9DE0-DB39D38A2ACA}.Debug|x64.Build.0 = Debug|x64
		{83BA88F8-8D85-4AB5-9DE0-DB39D38A2ACA}.Debug|x86.ActiveCfg = Debug|Win32
		{83BA88F8-8D85-4AB5-9DE0-DB39D38A2ACA}.Debug|x86.Build.0 = Debug|Win32
		{83BA88F8-8D85-4AB5-9DE0-DB39D38A2ACA}.Release|ARM.ActiveCfg = Release|ARM
		{83BA88F8-8D85-4AB5-9DE0-DB39D38A2ACA}.Release|ARM.Build.0 = Release|ARM
		{83BA88F8-8D85-4AB5-9DE0-DB39D38A2ACA}.Release|x64.ActiveCfg = Release|x64
		{83BA88F8-8D85-4AB5-9DE0-DB39D38A2ACA}.Release|x64.Build.0 = Release|x64
		{83BA88F8-8D85-4AB5-9DE0-DB39D38A2ACA}.Release|x86.ActiveCfg = Release|Win32
		{83BA88F8-8D85-4AB5-9DE0-DB39D38A2ACA}.Release|x86.Build.0 = Release|Win32
		{66FC3743-294A-4E58-B815-D8DD84F786F9}.Debug|ARM.ActiveCfg = Debug|ARM
		{66FC3743-294A-4E58-B815-D8DD84F786F9}.Debug|ARM.Build.0 = Debug|ARM
		{66FC3743-294A-4E58-B815-D8DD84F786F9}.Debug|x64.ActiveCfg = Debug|x64
		{66FC3743-294A-4E58-B815-D8DD84F786F9}.Debug|x64.Build.0 = Debug|x64
		{66FC3743-294A-4E58-B815-D8DD84F786F9}.Debug|x86.ActiveCfg = Debug|Win32
		{66FC3743-294A-4E58-B815-D8DD84F786F9}.Debug|x86.Build.0 = Debug|Win32
		{66FC3743-294A-4E58-B815-D8DD84F786F9}.Release|ARM.ActiveCfg = Release|ARM
		{66FC3743-294A-4E58-B815-D8DD84F786F9}.Release|ARM.Build.0 = Release|ARM
		{66FC3743-294A-4E58-B815-D8DD84F786F9}.Release|x64.ActiveCfg = Release|x64
		{66FC3743-294A-4E58-B815-D8DD84F786F9}.Release|x64.Build.0 = Release|x64
		{66FC3743-294A-4E58-B815-D8DD84F786F9}.Release|x86.ActiveCfg = Release|Win32
		{66FC3743-294A-4E58-B815-D8DD84F786F9}.Release|x86.Build.0 = Release|Win32
		{0DC98BA1-1BF8-4EDC-ADBB-839871A990BE}.Debug|ARM.ActiveCfg = Debug|ARM
		{0DC98BA1-1BF8-4EDC-ADBB-839871A990BE}.Debug|ARM.Build.0 = Debug|ARM
		{0DC98BA1-1BF8-4EDC-ADBB-839871A990BE}.Debug|x64.ActiveCfg = Debug|x64
		{0DC98BA1-1BF8-4EDC-ADBB-839871A990BE}.Debug|x64.Build.0 = Debug|x64
		{0DC98BA1-1BF8-4EDC-ADBB-839871A990BE}.Debug|x86.ActiveCfg = Debug|Win32
		{0DC98BA1-1BF8-4EDC-ADBB-839871A990BE}.Debug|x86.Build.0 = Debug|Win32
		{0DC98BA1-1BF8-4EDC-ADBB-839871A990BE}.Release|ARM.ActiveCfg = Release|ARM
		{0DC98BA1-1BF8-4EDC-ADBB-839871A990BE}.Release|ARM.Build.0 = Release|ARM
		{0DC98BA1-1BF8-4EDC-ADBB-839871A990BE}.Release|x64.ActiveCfg = Release|x64
		{0DC98BA1-1BF8-4EDC-ADBB-839871A990BE}.Release|x64.Build.0 = Release|x64
		{0DC98BA1-1BF8-4EDC-ADBB-839871A990BE}.Release|x86.ActiveCfg = Release|Win32
		{0DC98BA1-1BF8-4EDC-ADBB-839871A990BE}.Release|x86.Build.0 = Release|Win32
		{ADA42498-E005-4D21-8477-4FFDF8946243}.Debug|ARM.ActiveCfg = Debug|ARM
		{ADA42498-E005-4D21-8477-4FFDF8946243}.Debug|ARM.Build.0 = Debug|ARM
		{ADA42498-E005-4D21-8477-4FFDF8946243}.Debug|x64.ActiveCfg = Debug|x64
		{ADA42498-E005-4D21-8477-4FFDF8946243}.Debug|x64.Build.0 = Debug|x64
		{ADA42498-E005-4D21-8477-4FFDF8946243}.Debug|x86.ActiveCfg = Debug|Win32
		{ADA42498-E005-4D21-8477-4FFDF8946243}.Debug|x86.Build.0 = Debug|Win32
		{ADA42498-E005-4D21-8477-4FFDF8946243}.Release|ARM.ActiveCfg = Release|ARM
		{ADA42498-E005-4D21-8477-4FFDF8946243}.Release|ARM.Build.0 = Release|ARM
		{ADA42498-E005-4D21-8477-4FFDF8946243}.Release|x64.ActiveCfg = Release|x64
		{ADA42498-E005-4D21-8477-4FFDF8946243}.Release|x64.Build.0 = Release|x64
		{ADA42498-E005-4D21-8477-4FFDF8946243}.Release|x86.ActiveCfg = Release|Win32
		{ADA42498-E005-4D21-8477-4FFDF8946243}.Release|x86.Build.0 = Release|Win32
		{38BFD4AC-DFDF-4E3C-BD3A-D5C3C6D02AAC}.Debug|ARM.ActiveCfg = Debug|ARM
		{38BFD4AC-DFDF-4E3C-BD3A-D5C3C6D02AAC}.Debug|ARM.Build.0 = Debug|ARM
		{38BFD4AC-DFDF-4E3C-BD3A-D5C3C6D02AAC}.Debug|x64.ActiveCfg = Debug|x64
		{38BFD4AC-DFDF-4E3C-BD3A-D5C3C6D02AAC}.Debug|x64.Build.0 = Debug|x64
		{38BFD4AC-DFDF-4E3C-BD3A-D5C3C6D02AAC}.Debug|x86.ActiveCfg = Debug|Win32
		{38BFD4AC-DFDF-4E3C-BD3A-D5C3C6D02AAC}.Debug|x86.Build.0 = Debug|Win32
		{38BFD4AC-DFDF-4E3C-BD3A-D5C3C6D02AAC}.Release|ARM.ActiveCfg = Release|ARM
		{38BFD4AC-DFDF-4E3C-BD3A-D5C3C6D02AAC}.Release|ARM.Build.0 = Release|ARM
		{38BFD4AC-DFDF-4E3C-BD3A-D5C3C6D02AAC}.Release|x64.ActiveCfg = Release|x64
		{38BFD4AC-DFDF-4E3C-BD3A-D5C3C6D02AAC}.Release|x64.Build.0 = Release|x64
		{38BFD4AC-DFDF-4E3C-BD3A-D5C3C6D02AAC}.Release|x86.ActiveCfg = Release|Win32
		{38BFD4AC-DFDF-4E3C-BD3A-D5C3C6D02AAC}.Release|x86.Build.0 = Release|Win32
		{665399ED-DA52-46D5-857E-2C6D6B8F25DB}.Debug|ARM.ActiveCfg = Debug|ARM
		{665399ED-DA52-46D5-857E-2C6D6B8F25DB}.Debug|ARM.Build.0 = Debug|ARM
		{665399ED-DA52-46D5-857E-2C6D6B8F25DB}.Debug|x64.ActiveCfg = Debug|x64
		{665399ED-DA52-46D5-857E-2C6D6B8F25DB}.Debug|x64.Build.0 = Debug|x64
		{665399ED-DA52-46D5-857E-2C6D6B8F25DB}.Debug|x86.ActiveCfg = Debug|Win32
		{665399ED-DA52-46D5-857E-2C6D6B8F25DB}.Debug|x86.Build.0 = Debug|Win32
		{665399ED-DA52-46D5-857E-2C6D6B8F25DB}.Release|ARM.ActiveCfg = Release|ARM
		{665399ED-DA52-46D5-857E-2C6D6B8F25DB}.Release|ARM.Build.0 = Release|ARM
		{665399ED-DA52-46D5-857E-2C6D6B8F25DB}.Release|x64.ActiveCfg = Release|x64
		{665399ED-DA52-46D5-857E-2C6D6B8F25DB}.Release|x64.Build.0 = Release|x64
		{665399ED-DA52-46D5-857E-2C6D6B8F25DB}.Release|x86.ActiveCfg = Release|Win32
		{665399ED-DA52-46D5-857E-2C6D6B8F25DB}.Release|x86.Build.0 = Release|Win32
		{B92A6837-2D62-43BF-943B-1EEBD094B51D}.Debug|ARM.ActiveCfg = Debug|ARM
		{B92A6837-2D62-43BF-943B-1EEBD094B51D}.Debug|ARM.Build.0 = Debug|ARM
		{B92A6837-2D62-43BF-943B-1EEBD094B51D}.Debug|x64.ActiveCfg = Debug|x64
		{B92A6837-2D62-43BF-943B-1EEBD094B51D}.Debug|x64.Build.0 = Debug|x64
		{B92A6837-2D62-43BF-943B-1EEBD094B51D}.Debug|x86.ActiveCfg = Debug|Win32
		{B92A6837-2D62-43BF-943B-1EEBD094B51D}.Debug|x86.Build.0 = Debug|Win32
		{B92A6837-2D62-43BF-943B-1EEBD094B51D}.Release|ARM.ActiveCfg = Release|ARM
		{B92A6837-2D62-43BF-943B-1EEBD094B51D}.Release|ARM.Build.0 = Release|ARM
		{B92A6837-2D62-43BF-943B-1EEBD094B51D}.Release|x64.ActiveCfg = Release|x64
		{B92A6837-2D62-43BF-943B-1EEBD094B51D}.Release|x64.Build.0 = Release|x64
		{B92A6837-2D62-43BF-943B-1EEBD094B51D}.Release|x86.ActiveCfg = Release|Win32
		{B92A6837-2D62-43BF-943B-1EEBD094B51D}.Release|x86.Build.0 = Release|Win32
		{9A161C24-303D-497D-817C-783DCDCD9124}.Debug|ARM.ActiveCfg = Debug|ARM
		{9A161C24-303D-497D-817C-783DCDCD9124}.Debug|ARM.Build.0 = Debug|ARM
		{9A161C24-303D-497D-817C-783DCDCD9124}.Debug|x64.ActiveCfg = Debug|x64
		{9A161C24-303D-497D-817C-783DCDCD9124}.Debug|x64.Build.0 = Debug|x64
		{9A161C24-303D-497D-817C-783DCDCD9124}.Debug|x86.ActiveCfg = Debug|Win32
		{9A161C24-303D-497D-817C-783DCDCD9124}.Debug|x86.Build.0 = Debug|Win32
		{9A161C24-303D-497D-817C-783DCDCD9124}.Release|ARM.ActiveCfg = Release|ARM
		{9A161C24-303D-497D-817C-783DCDCD9124}.Release|ARM.Build.0 = Release|ARM
		{9A161C24-303D-497D-817C-783DCDCD9124}.Release|x64.ActiveCfg = Release|x64
		{9A161C24-303D-497D-817C-783DCDCD9124}.Release|x64.Build.0 = Release|x64
		{9A161C24-303D-497D-817C-783DCDCD9124}.Release|x86.ActiveCfg = Release|Win32
		{9A161C24-303D-497D-817C-783DCDCD9124}.Release|x86.Build.0 = Release|Win32
		{B65982CD-C32C-4D30-918C-2EBEE1CE8925}.Debug|ARM.ActiveCfg = Debug|ARM
		{B65982CD-C32C-4D30-918C-2EBEE1CE8925}.Debug|ARM.Build.0 = Debug|ARM
		{B65982CD-C32C-4D30-918C-2EBEE1CE8925}.Debug|x64.ActiveCfg = Debug|x64
		{B65982CD-C32C-4D30-918C-2EBEE1CE8925}.Debug|x64.Build.0 = Debug|x64
		{B65982CD-C32C-4D30-918C-2EBEE1CE8925}.Debug|x86.ActiveCfg = Debug|Win32
		{B65982CD-C32C-4D30-918C-2EBEE1CE8925}.Debug|x86.Build.0 = Debug|Win32
		{B65982CD-C32C-4D30-918C-2EBEE1CE8925}.Release|ARM.ActiveCfg = Release|ARM
		{B65982CD-C32C-4D30-918C-2EBEE1CE8925}.Release|ARM.Build.0 = Release|ARM
		{B65982CD-C32C-4D30-918C-2EBEE1CE8925}.Release|x64.ActiveCfg = Release|x64
		{B65982CD-C32C-4D30-918C-2EBEE1CE8925}.Release|x64.Build.0 = Release|x64
		{B65982CD-C32C-4D30-918C-2EBEE1CE8925}.Release|x86.ActiveCfg = Release|Win32
		{B65982CD-C32C-4D30-918C-2EBEE1CE8925}.Release|x86.Build.0 = Release|Win32
		{9D70F5FF-5351-48DA-8896-4A6334964B73}.Debug|ARM.ActiveCfg = Debug|ARM
		{9D70F5FF-5351-48DA-8896-4A6334964B73}.Debug|ARM.Build.0 = Debug|ARM
		{9D70F5FF-5351-48DA-8896-4A6334964B73}.Debug|x64.ActiveCfg = Debug|x64
		{9D70F5FF-5351-48DA-8896-4A6334964B73}.Debug|x64.Build.0 = Debug|x64
		{9D70F5FF-5351-48DA-8896-4A6334964B73}.Debug|x86.ActiveCfg = Debug|Win32
		{9D70F5FF-5351-48DA-8896-4A6334964B73}.Debug|x86.Build.0 = Debug|Win32
		{9D70F5FF-5351-48DA-8896-4A6334964B73}.Release|ARM.ActiveCfg = Release|ARM
		{9D70F5FF-5351-48DA-8896-4A6334964B73}.Release|ARM.Build.0 = Release|ARM
		{9D70F5FF-5351-48DA-8896-4A6334964B73}.Release|x64.ActiveCfg = Release|x64
		{9D70F5FF-5351-48DA-8896-4A6334964B73}.Release|x64.Build.0 = Release|x64
		{9D70F5FF-5351-48DA-8896-4A6334964B73}.Release|x86.ActiveCfg = Release|Win32
		{9D70F5FF-5351-48DA-8896-4A6334964B73}.Release|x86.Build.0 = Release|Win32
		{7A75509D-929E-4085-ACEF-8C1C7BEABD12}.Debug|ARM.ActiveCfg = Debug|ARM
		{7A75509D-929E-4085-ACEF-8C1C7BEABD12}.Debug|ARM.Build.0 = Debug|ARM
		{7A75509D-929E-4085-ACEF-8C1C7BEABD12}.Debug|x64.ActiveCfg = Debug|x64
		{7A75509D-929E-4085-ACEF-8C1C7BEABD12}.Debug|x64.Build.0 = Debug|x64
		{7A75509D-929E-4085-ACEF-8C1C7BEABD12}.Debug|x86.ActiveCfg = Debug|Win32
		{7A75509D-929E-4085-ACEF-8C1C7BEABD12}.Debug|x86.Build.0 = Debug|Win32
		{7A75509D-929E-4085-ACEF-8C1C7BEABD12}.Release|ARM.ActiveCfg = Release|ARM
		{7A75509D-929E-4085-ACEF-8C1C7BEABD12}.Release|ARM.Build.0 = Release|ARM
		{7A75509D-929E-4085-ACEF-8C1C7BEABD12}.Release|x64.ActiveCfg = Release|x64
		{7A75509D-929E-4085-ACEF-8C1C7BEABD12}.Release|x64.Build.0 = Release|x64
		{7A75509D-929E-4085-ACEF-8C1C7BEABD12}.Release|x86.ActiveCfg = Release|Win32
		{7A75509D-929E-4085-ACEF-8C1C7BEABD12}.Release|x86.Build.0 = Release|Win32
		{0DEA7C1E-0C66-4CF7-987E-859D7FA75AF9}.Debug|ARM.ActiveCfg = Debug|ARM
		{0DEA7C1E-0C66-4CF7-987E-859D7FA75AF9}.Debug|ARM.Build.0 = Debug|ARM
		{0DEA7C1E-0C66-4CF7-987E-859D7FA75AF9}.Debug|x64.ActiveCfg = Debug|x64
		{0DEA7C1E-0C66-4CF7-987E-859D7FA75AF9}.Debug|x64.Build.0 = Debug|x64
		{0DEA7C1E-0C66-4CF7-987E-859D7FA75AF9}.Debug|x86.ActiveCfg = Debug|Win32
		{0DEA7C1E-0C66-4CF7-987E-859D7FA75AF9}.Debug|x86.Build.0 = Debug|Win32
		{0DEA7C1E-0C66-4CF7-987E-859D7FA75AF9}.Release|ARM.ActiveCfg = Release|ARM
		{0DEA7C1E-0C66-4CF7-987E-859D7FA75AF9}.Release|ARM.Build.0 = Release|ARM
		{0DEA7C1E-0C66-4CF7-987E-859D7FA75AF9}.Release|x64.ActiveCfg = Release|x64
		{0DEA7C1E-0C66-4CF7-987E-859D7FA75AF9}.Release|x64.Build.0 = Release|x64
		{0DEA7C1E-0C66-4CF7-987E-859D7FA75AF9}.Release|x86.ActiveCfg = Release|Win32
		{0DEA7C1E-0C66-4CF7-987E-859D7FA75AF9}.Release|x86.Build.0 = Release|Win32
		{300B4F95-5A10-41A8-BDF9-100538336EFF}.Debug|ARM.ActiveCfg = Debug|ARM
		{300B4F95-5A10-41A8-BDF9-100538336EFF}.Debug|ARM.Build.0 = Debug|ARM
		{300B4F95-5A10-41A8-BDF9-100538336EFF}.Debug|x64.ActiveCfg = Debug|x64
		{300B4F95-5A10-41A8-BDF9-100538336EFF}.Debug|x64.Build.0 = Debug|x64
		{300B4F95-5A10-41A8-BDF9-100538336EFF}.Debug|x86.ActiveCfg = Debug|Win32
		{300B4F95-5A10-41A8-BDF9-100538336EFF}.Debug|x86.Build.0 = Debug|Win32
		{300B4F95-5A10-41A8-BDF9-100538336EFF}.Release|ARM.ActiveCfg = Release|ARM
		{300B4F95-5A10-41A8-BDF9-100538336EFF}.Release|ARM.Build.0 = Release|ARM
		{300B4F95-5A10-41A8-BDF9-100538336EFF}.Release|x64.ActiveCfg = Release|x64
		{300B4F95-5A10-41A8-BDF9-100538336EFF}.Release|x64.Build.0 = Release|x64
		{300B4F95-5A10-41A8-BDF9-100538336EFF}.Release|x86.ActiveCfg = Release|Win32
		{300B4F95-5A10-41A8-BDF9-100538336EFF}.Release|x86.Build.0 = Release|Win32
		{C4934D9F-BC43-4F8C-A6CE-8FD116239EF8}.Debug|ARM.ActiveCfg = Debug|ARM
		{C4934D9F-BC43-4F8C-A6CE-8FD116239EF8}.Debug|ARM.Build.0 = Debug|ARM
		{C4934D9F-BC43-4F8C-A6CE-8FD116239EF8}.Debug|x64.ActiveCfg = Debug|x64
		{C4934D9F-BC43-4F8C-A6CE-8FD116239EF8}.Debug|x64.Build.0 = Debug|x64
		{C4934D9F-BC43-4F8C-A6CE-8FD116239EF8}.Debug|x86.ActiveCfg = Debug|Win32
		{C4934D9F-BC43-4F8C-A6CE-8FD116239EF8}.Debug|x86.Build.0 = Debug|Win32
		{C4934D9F-BC43-4F8C-A6CE-8FD116239EF8}.Release|ARM.ActiveCfg = Release|ARM
		{C4934D9F-BC43-4F8C-A6CE-8FD116239EF8}.Release|ARM.Build.0 = Release|ARM
		{C4934D9F-BC43-4F8C-A6CE-8FD116239EF8}.Release|x64.ActiveCfg = Release|x64
		{C4934D9F-BC43-4F8C-A6CE-8FD116239EF8}.Release|x64.Build.0 = Release|x64
		{C4934D9F-BC43-4F8C-A6CE-8FD116239EF8}.Release|x86.ActiveCfg = Release|Win32
		{C4934D9F-BC43-4F8C-A6CE-8FD116239EF8}.Release|x86.Build.0 = Release|Win32
		{E26A0610-9F12-4C40-8F86-C149DDF2DD95}.Debug|ARM.ActiveCfg = Debug|ARM
		{E26A0610-9F12-4C40-8F86-C149DDF2DD95}.Debug|ARM.Build.0 = Debug|ARM
		{E26A0610-9F12-4C40-8F86-C149DDF2DD95}.Debug|x64.ActiveCfg = Debug|x64
		{E26A0610-9F12-4C40-8F86-C149DDF2DD95}.Debug|x64.Build.0 = Debug|x64
		{E26A0610-9F12-4C40-8F86-C149DDF2DD95}.Debug|x86.ActiveCfg = Debug|Win32
		{E26A0610-9F12-4C40-8F86-C149DDF2DD95}.Debug|x86.Build.0 = Debug|Win32
		{E26A0610-9F12-4C40-8F86-C149DDF2DD95}.Release|ARM.ActiveCfg = Release|ARM
		{E26A0610-9F12-4C40-8F86-C149DDF2DD95}.Release|ARM.Build.0 = Release|ARM
		{E26A0610-9F12-4C40-8F86-C149DDF2DD95}.Release|x64.ActiveCfg = Release|x64
		{E26A0610-9F12-4C40-8F86-C149DDF2DD95}.Release|x64.Build.0 = Release|x64
		{E26A0610-9F12-4C40-8F86-C149DDF2DD95}.Release|x86.ActiveCfg = Release|Win32
		{E26A0610-9F12-4C40-8F86-C149DDF2DD95}.Release|x86.Build.0 = Release|Win32
		{5579187C-FC67-49D3-AA0A-8673418F432C}.Debug|ARM.ActiveCfg = Debug|ARM
		{5579187C-FC67-49D3-AA0A-8673418F432C}.Debug|ARM.Build.0 = Debug|ARM
		{5579187C-FC67-49D3-AA0A-8673418F432C}.Debug|x64.ActiveCfg = Debug|x64
		{5579187C-FC67-49D3-AA0A-8673418F432C}.Debug|x64.Build.0 = Debug|x64
		{5579187C-FC67-49D3-AA0A-8673418F432C}.Debug|x86.ActiveCfg = Debug|Win32
		{5579187C-FC67-49D3-AA0A-8673418F432C}.Debug|x86.Build.0 = Debug|Win32
		{5579187C-FC67-49D3-AA0A-8673418F432C}.Release|ARM.ActiveCfg = Release|ARM
		{5579187C-FC67-49D3-AA0A-8673418F432C}.Release|ARM.Build.0 = Release|ARM
		{5579187C-FC67-49D3-AA0A-8673418F432C}.Release|x64.ActiveCfg = Release|x64
		{5579187C-FC67-49D3-AA0A-8673418F432C}.Release|x64.Build.0 = Release|x64
		{5579187C-FC67-49D3-AA0A-8673418F432C}.Release|x86.ActiveCfg = Release|Win32
		{5579187C-FC67-49D3-AA0A-8673418F432C}.Release|x86.Build.0 = Release|Win32
		{89E801E2-7C37-4B5A-A081-B29173ACB8BF}.Debug|ARM.ActiveCfg = Debug|ARM
		{89E801E2-7C37-4B5A-A081-B29173ACB8BF}.Debug|ARM.Build.0 = Debug|ARM
		{89E801E2-7C37-4B5A-A081-B29173ACB8BF}.Debug|x64.ActiveCfg = Debug|x64
		{89E801E2-7C37-4B5A-A081-B29173ACB8BF}.Debug|x64.Build.0 = Debug|x64
		{89E801E2-7C37-4B5A-A081-B29173ACB8BF}.Debug|x86.ActiveCfg = Debug|Win32
		{89E801E2-7C37-4B5A-A081-B29173ACB8BF}.Debug|x86.Build.0 = Debug|Win32
		{89E801E2-7C37-4B5A-A081-B29173ACB8BF}.Release|ARM.ActiveCfg = Release|ARM
		{89E801E2-7C37-4B5A-A081-B29173ACB8BF}.Release|ARM.Build.0 = Release|ARM
		{89E801E2-7C37-4B5A-A081-B29173ACB8BF}.Release|x64.ActiveCfg = Release|x64
		{89E801E2-7C37-4B5A-A081-B29173ACB8BF}.Release|x64.Build.0 = Release|x64
		{89E801E2-7C37-4B5A-A081-B29173ACB8BF}.Release|x86.ActiveCfg = Release|Win32
		{89E801E2-7C37-4B5A-A081-B29173ACB8BF}.Release|x86.Build.0 = Release|Win32
	EndGlobalSection
	GlobalSection(SolutionProperties) = preSolution
		HideSolutionNode = FALSE
	EndGlobalSection
	GlobalSection(NestedProjects) = preSolution
		{51993EA4-B6D3-4077-948A-4BA1AA8F03CF} = {37684FE5-024A-4C19-AA84-675233908140}
		{6328ACA2-617F-4105-B608-336D4F411ECA} = {B49A9379-3EB3-41A3-8076-49AB584E3F6F}
		{072EDD4F-6E32-49CB-A15F-AD163842F884} = {B49A9379-3EB3-41A3-8076-49AB584E3F6F}
		{59C56E2A-78E2-41CD-A45A-DFEFD3AA6834} = {B49A9379-3EB3-41A3-8076-49AB584E3F6F}
		{1261DB10-F73C-4C68-B446-F6B56100BF7D} = {B49A9379-3EB3-41A3-8076-49AB584E3F6F}
		{047175ED-3AC0-4C6C-9CBC-20BB1F4EF11D} = {B49A9379-3EB3-41A3-8076-49AB584E3F6F}
		{5E02C029-1FD9-422A-87FB-9B235DA9209A} = {B49A9379-3EB3-41A3-8076-49AB584E3F6F}
		{F9316FCE-BA51-4616-88C0-5C3618955B18} = {B49A9379-3EB3-41A3-8076-49AB584E3F6F}
		{83BA88F8-8D85-4AB5-9DE0-DB39D38A2ACA} = {B49A9379-3EB3-41A3-8076-49AB584E3F6F}
		{66FC3743-294A-4E58-B815-D8DD84F786F9} = {B49A9379-3EB3-41A3-8076-49AB584E3F6F}
		{0DC98BA1-1BF8-4EDC-ADBB-839871A990BE} = {B49A9379-3EB3-41A3-8076-49AB584E3F6F}
		{ADA42498-E005-4D21-8477-4FFDF8946243} = {B49A9379-3EB3-41A3-8076-49AB584E3F6F}
		{38BFD4AC-DFDF-4E3C-BD3A-D5C3C6D02AAC} = {B49A9379-3EB3-41A3-8076-49AB584E3F6F}
		{665399ED-DA52-46D5-857E-2C6D6B8F25DB} = {B49A9379-3EB3-41A3-8076-49AB584E3F6F}
		{B92A6837-2D62-43BF-943B-1EEBD094B51D} = {B49A9379-3EB3-41A3-8076-49AB584E3F6F}
		{9A161C24-303D-497D-817C-783DCDCD9124} = {B49A9379-3EB3-41A3-8076-49AB584E3F6F}
		{B65982CD-C32C-4D30-918C-2EBEE1CE8925} = {B49A9379-3EB3-41A3-8076-49AB584E3F6F}
		{9D70F5FF-5351-48DA-8896-4A6334964B73} = {B49A9379-3EB3-41A3-8076-49AB584E3F6F}
		{7A75509D-929E-4085-ACEF-8C1C7BEABD12} = {B49A9379-3EB3-41A3-8076-49AB584E3F6F}
		{0DEA7C1E-0C66-4CF7-987E-859D7FA75AF9} = {B49A9379-3EB3-41A3-8076-49AB584E3F6F}
		{300B4F95-5A10-41A8-BDF9-100538336EFF} = {E458DADF-3BF7-4924-A99D-ABD9D760E763}
		{C4934D9F-BC43-4F8C-A6CE-8FD116239EF8} = {E458DADF-3BF7-4924-A99D-ABD9D760E763}
		{E26A0610-9F12-4C40-8F86-C149DDF2DD95} = {E458DADF-3BF7-4924-A99D-ABD9D760E763}
		{5579187C-FC67-49D3-AA0A-8673418F432C} = {E458DADF-3BF7-4924-A99D-ABD9D760E763}
		{89E801E2-7C37-4B5A-A081-B29173ACB8BF} = {37684FE5-024A-4C19-AA84-675233908140}
	EndGlobalSection
EndGlobal
