
Microsoft Visual Studio Solution File, Format Version 12.00
# Visual Studio 14
VisualStudioVersion = 14.0.22823.1
MinimumVisualStudioVersion = 10.0.40219.1
Project("{8BC9CEB8-8B4A-11D0-8D11-00A0C91BC942}") = "Addiction", "Addiction\Addiction.vcxproj", "{051B0ECE-DA1A-4834-8EA7-E9A90870500D}"
EndProject
Project("{2150E333-8FDC-42A3-9474-1A3956D46DE8}") = "Pargon", "Pargon", "{14C688BD-152D-4FF4-949C-FE207E2A8868}"
EndProject
Project("{8BC9CEB8-8B4A-11D0-8D11-00A0C91BC942}") = "Audio", "..\..\..\..\Pargon\Platforms\VisualStudioDesktop\Pargon\Audio\Audio.vcxproj", "{173668FE-2D29-4285-A964-ED1089DA1ADE}"
EndProject
Project("{8BC9CEB8-8B4A-11D0-8D11-00A0C91BC942}") = "Data", "..\..\..\..\Pargon\Platforms\VisualStudioDesktop\Pargon\Data\Data.vcxproj", "{4DBB4CEB-B7E7-450C-864F-F53BC2AE2731}"
EndProject
Project("{8BC9CEB8-8B4A-11D0-8D11-00A0C91BC942}") = "Debugging", "..\..\..\..\Pargon\Platforms\VisualStudioDesktop\Pargon\Debugging\Debugging.vcxproj", "{D8404832-D95E-487A-BBEC-A1C4B34AD634}"
EndProject
Project("{8BC9CEB8-8B4A-11D0-8D11-00A0C91BC942}") = "FileSystem", "..\..\..\..\Pargon\Platforms\VisualStudioDesktop\Pargon\FileSystem\FileSystem.vcxproj", "{F9F7B3F8-8672-4A52-AC52-CFBE5F9ED2A9}"
EndProject
Project("{8BC9CEB8-8B4A-11D0-8D11-00A0C91BC942}") = "Game2d", "..\..\..\..\Pargon\Platforms\VisualStudioDesktop\Pargon\Game2d\Game2d.vcxproj", "{915D2D5D-D808-4A3C-BD75-E5AC49C281B3}"
EndProject
Project("{8BC9CEB8-8B4A-11D0-8D11-00A0C91BC942}") = "GameCore", "..\..\..\..\Pargon\Platforms\VisualStudioDesktop\Pargon\GameCore\GameCore.vcxproj", "{A79D52D3-19E5-4247-9B2E-99D8B80B9CC5}"
EndProject
Project("{8BC9CEB8-8B4A-11D0-8D11-00A0C91BC942}") = "GameUi", "..\..\..\..\Pargon\Platforms\VisualStudioDesktop\Pargon\GameUi\GameUi.vcxproj", "{A7D176A8-3496-4B86-88B2-065AC42FBD20}"
EndProject
Project("{8BC9CEB8-8B4A-11D0-8D11-00A0C91BC942}") = "Graphics", "..\..\..\..\Pargon\Platforms\VisualStudioDesktop\Pargon\Graphics\Graphics.vcxproj", "{10FCD17C-52FC-41E6-8310-04E7E8D81CB0}"
EndProject
Project("{8BC9CEB8-8B4A-11D0-8D11-00A0C91BC942}") = "Input", "..\..\..\..\Pargon\Platforms\VisualStudioDesktop\Pargon\Input\Input.vcxproj", "{98413ABB-9A05-450D-8B33-2F0D010D499F}"
EndProject
Project("{8BC9CEB8-8B4A-11D0-8D11-00A0C91BC942}") = "Math", "..\..\..\..\Pargon\Platforms\VisualStudioDesktop\Pargon\Math\Math.vcxproj", "{FC362D47-CE2D-4484-AF30-2E10E149E0CC}"
EndProject
Project("{8BC9CEB8-8B4A-11D0-8D11-00A0C91BC942}") = "Reflection", "..\..\..\..\Pargon\Platforms\VisualStudioDesktop\Pargon\Reflection\Reflection.vcxproj", "{CD50D822-9C00-4443-9396-65619F47355D}"
EndProject
Project("{8BC9CEB8-8B4A-11D0-8D11-00A0C91BC942}") = "Scripting", "..\..\..\..\Pargon\Platforms\VisualStudioDesktop\Pargon\Scripting\Scripting.vcxproj", "{41C44C62-04C5-47FC-AACA-ECA51C2FDC7F}"
EndProject
Project("{8BC9CEB8-8B4A-11D0-8D11-00A0C91BC942}") = "Serialization", "..\..\..\..\Pargon\Platforms\VisualStudioDesktop\Pargon\Serialization\Serialization.vcxproj", "{95A112E0-0614-4879-B25A-68C5057994E3}"
EndProject
Project("{8BC9CEB8-8B4A-11D0-8D11-00A0C91BC942}") = "Shapes", "..\..\..\..\Pargon\Platforms\VisualStudioDesktop\Pargon\Shapes\Shapes.vcxproj", "{A0AEFF23-9BE5-4717-8C24-28398BD2A067}"
EndProject
Project("{8BC9CEB8-8B4A-11D0-8D11-00A0C91BC942}") = "Text", "..\..\..\..\Pargon\Platforms\VisualStudioDesktop\Pargon\Text\Text.vcxproj", "{150A0D34-8A04-45CE-B3B6-3A64A6DB1D4F}"
EndProject
Project("{8BC9CEB8-8B4A-11D0-8D11-00A0C91BC942}") = "Types", "..\..\..\..\Pargon\Platforms\VisualStudioDesktop\Pargon\Types\Types.vcxproj", "{6AFFA467-3B77-4B03-917F-D2DBA3BAD8A0}"
EndProject
Project("{2150E333-8FDC-42A3-9474-1A3956D46DE8}") = "Libraries", "Libraries", "{236CB9A5-ECAE-4E58-BDDB-3634B66FFD47}"
EndProject
Project("{8BC9CEB8-8B4A-11D0-8D11-00A0C91BC942}") = "freetype", "..\..\..\..\Pargon\Platforms\VisualStudioDesktop\Libraries\freetype\freetype.vcxproj", "{F9472013-4506-4E1A-80A9-5241674617EE}"
EndProject
Project("{8BC9CEB8-8B4A-11D0-8D11-00A0C91BC942}") = "glew", "..\..\..\..\Pargon\Platforms\VisualStudioDesktop\Libraries\glew\glew.vcxproj", "{7A21BE39-7CAC-4263-88AA-FD59951F94A1}"
EndProject
Project("{8BC9CEB8-8B4A-11D0-8D11-00A0C91BC942}") = "stbimage", "..\..\..\..\Pargon\Platforms\VisualStudioDesktop\Libraries\stbimage\stbimage.vcxproj", "{3EA47966-C9DF-43BC-B251-2238E7FCCB04}"
EndProject
Project("{8BC9CEB8-8B4A-11D0-8D11-00A0C91BC942}") = "zlib", "..\..\..\..\Pargon\Platforms\VisualStudioDesktop\Libraries\zlib\zlib.vcxproj", "{0C9525D9-E810-4A03-8755-83CAF6697066}"
EndProject
Project("{8BC9CEB8-8B4A-11D0-8D11-00A0C91BC942}") = "Application", "..\..\..\..\Pargon\Platforms\VisualStudioDesktop\Pargon\Application\Application.vcxproj", "{36C28AC9-A1D6-4DFB-95C2-95EF8CFE9962}"
EndProject
Project("{8BC9CEB8-8B4A-11D0-8D11-00A0C91BC942}") = "GameTools", "..\..\..\..\Pargon\Platforms\VisualStudioDesktop\Pargon\GameTools\GameTools.vcxproj", "{FF9AF289-7B4E-4E37-8BB8-EA5B36558890}"
EndProject
Project("{8BC9CEB8-8B4A-11D0-8D11-00A0C91BC942}") = "Networking", "..\..\..\..\Pargon\Platforms\VisualStudioDesktop\Pargon\Networking\Networking.vcxproj", "{9E912DBC-1A5D-4602-92B0-4729D51D3640}"
EndProject
Project("{8BC9CEB8-8B4A-11D0-8D11-00A0C91BC942}") = "Animation", "..\..\..\..\Pargon\Platforms\VisualStudioDesktop\Pargon\Animation\Animation.vcxproj", "{E7DF66D3-ABF6-4C29-8F71-CCB48A460E6D}"
EndProject
Project("{8BC9CEB8-8B4A-11D0-8D11-00A0C91BC942}") = "Effects", "..\..\..\..\Pargon\Platforms\VisualStudioDesktop\Pargon\Effects\Effects.vcxproj", "{D50F264E-9B82-4012-9D94-7C15F9AAB18E}"
EndProject
Global
	GlobalSection(SolutionConfigurationPlatforms) = preSolution
		Debug|x86 = Debug|x86
		Release|x86 = Release|x86
	EndGlobalSection
	GlobalSection(ProjectConfigurationPlatforms) = postSolution
		{051B0ECE-DA1A-4834-8EA7-E9A90870500D}.Debug|x86.ActiveCfg = Debug|Win32
		{051B0ECE-DA1A-4834-8EA7-E9A90870500D}.Debug|x86.Build.0 = Debug|Win32
		{051B0ECE-DA1A-4834-8EA7-E9A90870500D}.Release|x86.ActiveCfg = Release|Win32
		{051B0ECE-DA1A-4834-8EA7-E9A90870500D}.Release|x86.Build.0 = Release|Win32
		{173668FE-2D29-4285-A964-ED1089DA1ADE}.Debug|x86.ActiveCfg = Debug|Win32
		{173668FE-2D29-4285-A964-ED1089DA1ADE}.Debug|x86.Build.0 = Debug|Win32
		{173668FE-2D29-4285-A964-ED1089DA1ADE}.Release|x86.ActiveCfg = Release|Win32
		{173668FE-2D29-4285-A964-ED1089DA1ADE}.Release|x86.Build.0 = Release|Win32
		{4DBB4CEB-B7E7-450C-864F-F53BC2AE2731}.Debug|x86.ActiveCfg = Debug|Win32
		{4DBB4CEB-B7E7-450C-864F-F53BC2AE2731}.Debug|x86.Build.0 = Debug|Win32
		{4DBB4CEB-B7E7-450C-864F-F53BC2AE2731}.Release|x86.ActiveCfg = Release|Win32
		{4DBB4CEB-B7E7-450C-864F-F53BC2AE2731}.Release|x86.Build.0 = Release|Win32
		{D8404832-D95E-487A-BBEC-A1C4B34AD634}.Debug|x86.ActiveCfg = Debug|Win32
		{D8404832-D95E-487A-BBEC-A1C4B34AD634}.Debug|x86.Build.0 = Debug|Win32
		{D8404832-D95E-487A-BBEC-A1C4B34AD634}.Release|x86.ActiveCfg = Release|Win32
		{D8404832-D95E-487A-BBEC-A1C4B34AD634}.Release|x86.Build.0 = Release|Win32
		{F9F7B3F8-8672-4A52-AC52-CFBE5F9ED2A9}.Debug|x86.ActiveCfg = Debug|Win32
		{F9F7B3F8-8672-4A52-AC52-CFBE5F9ED2A9}.Debug|x86.Build.0 = Debug|Win32
		{F9F7B3F8-8672-4A52-AC52-CFBE5F9ED2A9}.Release|x86.ActiveCfg = Release|Win32
		{F9F7B3F8-8672-4A52-AC52-CFBE5F9ED2A9}.Release|x86.Build.0 = Release|Win32
		{915D2D5D-D808-4A3C-BD75-E5AC49C281B3}.Debug|x86.ActiveCfg = Debug|Win32
		{915D2D5D-D808-4A3C-BD75-E5AC49C281B3}.Debug|x86.Build.0 = Debug|Win32
		{915D2D5D-D808-4A3C-BD75-E5AC49C281B3}.Release|x86.ActiveCfg = Release|Win32
		{915D2D5D-D808-4A3C-BD75-E5AC49C281B3}.Release|x86.Build.0 = Release|Win32
		{A79D52D3-19E5-4247-9B2E-99D8B80B9CC5}.Debug|x86.ActiveCfg = Debug|Win32
		{A79D52D3-19E5-4247-9B2E-99D8B80B9CC5}.Debug|x86.Build.0 = Debug|Win32
		{A79D52D3-19E5-4247-9B2E-99D8B80B9CC5}.Release|x86.ActiveCfg = Release|Win32
		{A79D52D3-19E5-4247-9B2E-99D8B80B9CC5}.Release|x86.Build.0 = Release|Win32
		{A7D176A8-3496-4B86-88B2-065AC42FBD20}.Debug|x86.ActiveCfg = Debug|Win32
		{A7D176A8-3496-4B86-88B2-065AC42FBD20}.Debug|x86.Build.0 = Debug|Win32
		{A7D176A8-3496-4B86-88B2-065AC42FBD20}.Release|x86.ActiveCfg = Release|Win32
		{A7D176A8-3496-4B86-88B2-065AC42FBD20}.Release|x86.Build.0 = Release|Win32
		{10FCD17C-52FC-41E6-8310-04E7E8D81CB0}.Debug|x86.ActiveCfg = Debug|Win32
		{10FCD17C-52FC-41E6-8310-04E7E8D81CB0}.Debug|x86.Build.0 = Debug|Win32
		{10FCD17C-52FC-41E6-8310-04E7E8D81CB0}.Release|x86.ActiveCfg = Release|Win32
		{10FCD17C-52FC-41E6-8310-04E7E8D81CB0}.Release|x86.Build.0 = Release|Win32
		{98413ABB-9A05-450D-8B33-2F0D010D499F}.Debug|x86.ActiveCfg = Debug|Win32
		{98413ABB-9A05-450D-8B33-2F0D010D499F}.Debug|x86.Build.0 = Debug|Win32
		{98413ABB-9A05-450D-8B33-2F0D010D499F}.Release|x86.ActiveCfg = Release|Win32
		{98413ABB-9A05-450D-8B33-2F0D010D499F}.Release|x86.Build.0 = Release|Win32
		{FC362D47-CE2D-4484-AF30-2E10E149E0CC}.Debug|x86.ActiveCfg = Debug|Win32
		{FC362D47-CE2D-4484-AF30-2E10E149E0CC}.Debug|x86.Build.0 = Debug|Win32
		{FC362D47-CE2D-4484-AF30-2E10E149E0CC}.Release|x86.ActiveCfg = Release|Win32
		{FC362D47-CE2D-4484-AF30-2E10E149E0CC}.Release|x86.Build.0 = Release|Win32
		{CD50D822-9C00-4443-9396-65619F47355D}.Debug|x86.ActiveCfg = Debug|Win32
		{CD50D822-9C00-4443-9396-65619F47355D}.Debug|x86.Build.0 = Debug|Win32
		{CD50D822-9C00-4443-9396-65619F47355D}.Release|x86.ActiveCfg = Release|Win32
		{CD50D822-9C00-4443-9396-65619F47355D}.Release|x86.Build.0 = Release|Win32
		{41C44C62-04C5-47FC-AACA-ECA51C2FDC7F}.Debug|x86.ActiveCfg = Debug|Win32
		{41C44C62-04C5-47FC-AACA-ECA51C2FDC7F}.Debug|x86.Build.0 = Debug|Win32
		{41C44C62-04C5-47FC-AACA-ECA51C2FDC7F}.Release|x86.ActiveCfg = Release|Win32
		{41C44C62-04C5-47FC-AACA-ECA51C2FDC7F}.Release|x86.Build.0 = Release|Win32
		{95A112E0-0614-4879-B25A-68C5057994E3}.Debug|x86.ActiveCfg = Debug|Win32
		{95A112E0-0614-4879-B25A-68C5057994E3}.Debug|x86.Build.0 = Debug|Win32
		{95A112E0-0614-4879-B25A-68C5057994E3}.Release|x86.ActiveCfg = Release|Win32
		{95A112E0-0614-4879-B25A-68C5057994E3}.Release|x86.Build.0 = Release|Win32
		{A0AEFF23-9BE5-4717-8C24-28398BD2A067}.Debug|x86.ActiveCfg = Debug|Win32
		{A0AEFF23-9BE5-4717-8C24-28398BD2A067}.Debug|x86.Build.0 = Debug|Win32
		{A0AEFF23-9BE5-4717-8C24-28398BD2A067}.Release|x86.ActiveCfg = Release|Win32
		{A0AEFF23-9BE5-4717-8C24-28398BD2A067}.Release|x86.Build.0 = Release|Win32
		{150A0D34-8A04-45CE-B3B6-3A64A6DB1D4F}.Debug|x86.ActiveCfg = Debug|Win32
		{150A0D34-8A04-45CE-B3B6-3A64A6DB1D4F}.Debug|x86.Build.0 = Debug|Win32
		{150A0D34-8A04-45CE-B3B6-3A64A6DB1D4F}.Release|x86.ActiveCfg = Release|Win32
		{150A0D34-8A04-45CE-B3B6-3A64A6DB1D4F}.Release|x86.Build.0 = Release|Win32
		{6AFFA467-3B77-4B03-917F-D2DBA3BAD8A0}.Debug|x86.ActiveCfg = Debug|Win32
		{6AFFA467-3B77-4B03-917F-D2DBA3BAD8A0}.Debug|x86.Build.0 = Debug|Win32
		{6AFFA467-3B77-4B03-917F-D2DBA3BAD8A0}.Release|x86.ActiveCfg = Release|Win32
		{6AFFA467-3B77-4B03-917F-D2DBA3BAD8A0}.Release|x86.Build.0 = Release|Win32
		{F9472013-4506-4E1A-80A9-5241674617EE}.Debug|x86.ActiveCfg = Debug|Win32
		{F9472013-4506-4E1A-80A9-5241674617EE}.Debug|x86.Build.0 = Debug|Win32
		{F9472013-4506-4E1A-80A9-5241674617EE}.Release|x86.ActiveCfg = Release|Win32
		{F9472013-4506-4E1A-80A9-5241674617EE}.Release|x86.Build.0 = Release|Win32
		{7A21BE39-7CAC-4263-88AA-FD59951F94A1}.Debug|x86.ActiveCfg = Debug|Win32
		{7A21BE39-7CAC-4263-88AA-FD59951F94A1}.Debug|x86.Build.0 = Debug|Win32
		{7A21BE39-7CAC-4263-88AA-FD59951F94A1}.Release|x86.ActiveCfg = Release|Win32
		{7A21BE39-7CAC-4263-88AA-FD59951F94A1}.Release|x86.Build.0 = Release|Win32
		{3EA47966-C9DF-43BC-B251-2238E7FCCB04}.Debug|x86.ActiveCfg = Debug|Win32
		{3EA47966-C9DF-43BC-B251-2238E7FCCB04}.Debug|x86.Build.0 = Debug|Win32
		{3EA47966-C9DF-43BC-B251-2238E7FCCB04}.Release|x86.ActiveCfg = Release|Win32
		{3EA47966-C9DF-43BC-B251-2238E7FCCB04}.Release|x86.Build.0 = Release|Win32
		{0C9525D9-E810-4A03-8755-83CAF6697066}.Debug|x86.ActiveCfg = Debug|Win32
		{0C9525D9-E810-4A03-8755-83CAF6697066}.Debug|x86.Build.0 = Debug|Win32
		{0C9525D9-E810-4A03-8755-83CAF6697066}.Release|x86.ActiveCfg = Release|Win32
		{0C9525D9-E810-4A03-8755-83CAF6697066}.Release|x86.Build.0 = Release|Win32
		{36C28AC9-A1D6-4DFB-95C2-95EF8CFE9962}.Debug|x86.ActiveCfg = Debug|Win32
		{36C28AC9-A1D6-4DFB-95C2-95EF8CFE9962}.Debug|x86.Build.0 = Debug|Win32
		{36C28AC9-A1D6-4DFB-95C2-95EF8CFE9962}.Release|x86.ActiveCfg = Release|Win32
		{36C28AC9-A1D6-4DFB-95C2-95EF8CFE9962}.Release|x86.Build.0 = Release|Win32
		{FF9AF289-7B4E-4E37-8BB8-EA5B36558890}.Debug|x86.ActiveCfg = Debug|Win32
		{FF9AF289-7B4E-4E37-8BB8-EA5B36558890}.Debug|x86.Build.0 = Debug|Win32
		{FF9AF289-7B4E-4E37-8BB8-EA5B36558890}.Release|x86.ActiveCfg = Release|Win32
		{FF9AF289-7B4E-4E37-8BB8-EA5B36558890}.Release|x86.Build.0 = Release|Win32
		{9E912DBC-1A5D-4602-92B0-4729D51D3640}.Debug|x86.ActiveCfg = Debug|Win32
		{9E912DBC-1A5D-4602-92B0-4729D51D3640}.Debug|x86.Build.0 = Debug|Win32
		{9E912DBC-1A5D-4602-92B0-4729D51D3640}.Release|x86.ActiveCfg = Release|Win32
		{9E912DBC-1A5D-4602-92B0-4729D51D3640}.Release|x86.Build.0 = Release|Win32
		{E7DF66D3-ABF6-4C29-8F71-CCB48A460E6D}.Debug|x86.ActiveCfg = Debug|Win32
		{E7DF66D3-ABF6-4C29-8F71-CCB48A460E6D}.Debug|x86.Build.0 = Debug|Win32
		{E7DF66D3-ABF6-4C29-8F71-CCB48A460E6D}.Release|x86.ActiveCfg = Release|Win32
		{E7DF66D3-ABF6-4C29-8F71-CCB48A460E6D}.Release|x86.Build.0 = Release|Win32
		{D50F264E-9B82-4012-9D94-7C15F9AAB18E}.Debug|x86.ActiveCfg = Debug|Win32
		{D50F264E-9B82-4012-9D94-7C15F9AAB18E}.Debug|x86.Build.0 = Debug|Win32
		{D50F264E-9B82-4012-9D94-7C15F9AAB18E}.Release|x86.ActiveCfg = Release|Win32
		{D50F264E-9B82-4012-9D94-7C15F9AAB18E}.Release|x86.Build.0 = Release|Win32
	EndGlobalSection
	GlobalSection(SolutionProperties) = preSolution
		HideSolutionNode = FALSE
	EndGlobalSection
	GlobalSection(NestedProjects) = preSolution
		{173668FE-2D29-4285-A964-ED1089DA1ADE} = {14C688BD-152D-4FF4-949C-FE207E2A8868}
		{4DBB4CEB-B7E7-450C-864F-F53BC2AE2731} = {14C688BD-152D-4FF4-949C-FE207E2A8868}
		{D8404832-D95E-487A-BBEC-A1C4B34AD634} = {14C688BD-152D-4FF4-949C-FE207E2A8868}
		{F9F7B3F8-8672-4A52-AC52-CFBE5F9ED2A9} = {14C688BD-152D-4FF4-949C-FE207E2A8868}
		{915D2D5D-D808-4A3C-BD75-E5AC49C281B3} = {14C688BD-152D-4FF4-949C-FE207E2A8868}
		{A79D52D3-19E5-4247-9B2E-99D8B80B9CC5} = {14C688BD-152D-4FF4-949C-FE207E2A8868}
		{A7D176A8-3496-4B86-88B2-065AC42FBD20} = {14C688BD-152D-4FF4-949C-FE207E2A8868}
		{10FCD17C-52FC-41E6-8310-04E7E8D81CB0} = {14C688BD-152D-4FF4-949C-FE207E2A8868}
		{98413ABB-9A05-450D-8B33-2F0D010D499F} = {14C688BD-152D-4FF4-949C-FE207E2A8868}
		{FC362D47-CE2D-4484-AF30-2E10E149E0CC} = {14C688BD-152D-4FF4-949C-FE207E2A8868}
		{CD50D822-9C00-4443-9396-65619F47355D} = {14C688BD-152D-4FF4-949C-FE207E2A8868}
		{41C44C62-04C5-47FC-AACA-ECA51C2FDC7F} = {14C688BD-152D-4FF4-949C-FE207E2A8868}
		{95A112E0-0614-4879-B25A-68C5057994E3} = {14C688BD-152D-4FF4-949C-FE207E2A8868}
		{A0AEFF23-9BE5-4717-8C24-28398BD2A067} = {14C688BD-152D-4FF4-949C-FE207E2A8868}
		{150A0D34-8A04-45CE-B3B6-3A64A6DB1D4F} = {14C688BD-152D-4FF4-949C-FE207E2A8868}
		{6AFFA467-3B77-4B03-917F-D2DBA3BAD8A0} = {14C688BD-152D-4FF4-949C-FE207E2A8868}
		{F9472013-4506-4E1A-80A9-5241674617EE} = {236CB9A5-ECAE-4E58-BDDB-3634B66FFD47}
		{7A21BE39-7CAC-4263-88AA-FD59951F94A1} = {236CB9A5-ECAE-4E58-BDDB-3634B66FFD47}
		{3EA47966-C9DF-43BC-B251-2238E7FCCB04} = {236CB9A5-ECAE-4E58-BDDB-3634B66FFD47}
		{0C9525D9-E810-4A03-8755-83CAF6697066} = {236CB9A5-ECAE-4E58-BDDB-3634B66FFD47}
		{36C28AC9-A1D6-4DFB-95C2-95EF8CFE9962} = {14C688BD-152D-4FF4-949C-FE207E2A8868}
		{FF9AF289-7B4E-4E37-8BB8-EA5B36558890} = {14C688BD-152D-4FF4-949C-FE207E2A8868}
		{9E912DBC-1A5D-4602-92B0-4729D51D3640} = {14C688BD-152D-4FF4-949C-FE207E2A8868}
		{E7DF66D3-ABF6-4C29-8F71-CCB48A460E6D} = {14C688BD-152D-4FF4-949C-FE207E2A8868}
		{D50F264E-9B82-4012-9D94-7C15F9AAB18E} = {14C688BD-152D-4FF4-949C-FE207E2A8868}
	EndGlobalSection
EndGlobal
